
Microsoft Visual Studio Solution File, Format Version 11.00
# Visual Studio 2010
Project("{2150E333-8FDC-42A3-9474-1A3956D46DE8}") = "Solution Items", "Solution Items", "{FA9C9770-1F72-4C3D-925E-60DFC8599ABD}"
	ProjectSection(SolutionItems) = preProject
		LocalTestRun.testrunconfig = LocalTestRun.testrunconfig
	EndProjectSection
EndProject
Project("{FAE04EC0-301F-11D3-BF4B-00C04F79EFBC}") = "SharpSerializer.Library", "SharpSerializer.Library\SharpSerializer.Library.csproj", "{88AB738F-7A36-4C93-B808-B6CE2D3444B2}"
EndProject
Project("{FAE04EC0-301F-11D3-BF4B-00C04F79EFBC}") = "HelloWorldApp", "HelloWorldApp\HelloWorldApp.csproj", "{37FC6487-5704-40E3-BCE0-EDB8A2062BCB}"
EndProject
Project("{FAE04EC0-301F-11D3-BF4B-00C04F79EFBC}") = "SharpSerializer.Library.Silverlight", "SharpSerializer.Library.Silverlight\SharpSerializer.Library.Silverlight.csproj", "{4096DECB-F198-492A-AFC2-51671C802277}"
EndProject
Project("{FAE04EC0-301F-11D3-BF4B-00C04F79EFBC}") = "SharpSerializer.Library.Compact", "SharpSerializer.Library.Compact\SharpSerializer.Library.Compact.csproj", "{119631D5-DC25-49DE-B50E-6A48C24A5AB0}"
EndProject
Project("{FAE04EC0-301F-11D3-BF4B-00C04F79EFBC}") = "SharpSerializer.Tests", "SharpSerializer.Tests\SharpSerializer.Tests.csproj", "{6D44C26F-76A3-48F0-A29A-406603B72695}"
EndProject
Project("{FAE04EC0-301F-11D3-BF4B-00C04F79EFBC}") = "SharpSerializer.Library.MonoForAndroid", "SharpSerializer.Library.MonoForAndroid\SharpSerializer.Library.MonoForAndroid.csproj", "{EBDFA7C3-91C0-4580-9AD4-4F509066E038}"
EndProject
Project("{FAE04EC0-301F-11D3-BF4B-00C04F79EFBC}") = "HelloWorldApp.MonoForAndroid", "HelloWorldApp.MonoForAndroid\HelloWorldApp.MonoForAndroid.csproj", "{392F7758-6461-4691-BE0B-3A1F2FF250FA}"
EndProject
Project("{FAE04EC0-301F-11D3-BF4B-00C04F79EFBC}") = "SharpSerializer.Library.WindowsPhone71", "SharpSerializer.Library.WindowsPhone71\SharpSerializer.Library.WindowsPhone71.csproj", "{D7A8D2A5-7A3E-4CDC-A30E-74CD676ADF07}"
EndProject
Project("{FAE04EC0-301F-11D3-BF4B-00C04F79EFBC}") = "HelloWorldApp.WindowsPhone71", "HelloWorldApp.WindowsPhone71\HelloWorldApp.WindowsPhone71.csproj", "{442D2F6E-CD98-4897-AB2F-F473897C6BAD}"
EndProject
Project("{FAE04EC0-301F-11D3-BF4B-00C04F79EFBC}") = "SharpSerializer.Documentation", "SharpSerializer.Documentation\SharpSerializer.Documentation.csproj", "{8FAA29AE-7554-4093-878B-87B5DBC24F42}"
EndProject
Project("{FAE04EC0-301F-11D3-BF4B-00C04F79EFBC}") = "HelloWorldApp.MonoTouch", "HelloWorldApp.MonoTouch\HelloWorldApp.MonoTouch.csproj", "{21DFEB7F-BC55-4D23-B173-6F1172AAA01E}"
EndProject
Project("{FAE04EC0-301F-11D3-BF4B-00C04F79EFBC}") = "SharpSerializer.Library.MonoTouch", "SharpSerializer.Library.MonoTouch\SharpSerializer.Library.MonoTouch.csproj", "{A5FD15FE-E8B3-45FF-85FE-599B56E1CAF0}"
EndProject
Project("{FAE04EC0-301F-11D3-BF4B-00C04F79EFBC}") = "HelloWorldApp.MonoMac", "HelloWorldApp.MonoMac\HelloWorldApp.MonoMac.csproj", "{8FD8E072-37C6-4E45-9086-3CA4EF614378}"
EndProject
Global
	GlobalSection(SolutionConfigurationPlatforms) = preSolution
		Ad-Hoc|Any CPU = Ad-Hoc|Any CPU
		Ad-Hoc|iPhone = Ad-Hoc|iPhone
		Ad-Hoc|iPhoneSimulator = Ad-Hoc|iPhoneSimulator
		Ad-Hoc|Mixed Platforms = Ad-Hoc|Mixed Platforms
		AppStore|Any CPU = AppStore|Any CPU
		AppStore|iPhone = AppStore|iPhone
		AppStore|iPhoneSimulator = AppStore|iPhoneSimulator
		AppStore|Mixed Platforms = AppStore|Mixed Platforms
		Debug|Any CPU = Debug|Any CPU
		Debug|iPhone = Debug|iPhone
		Debug|iPhoneSimulator = Debug|iPhoneSimulator
		Debug|Mixed Platforms = Debug|Mixed Platforms
		Release|Any CPU = Release|Any CPU
		Release|iPhone = Release|iPhone
		Release|iPhoneSimulator = Release|iPhoneSimulator
		Release|Mixed Platforms = Release|Mixed Platforms
	EndGlobalSection
	GlobalSection(ProjectConfigurationPlatforms) = postSolution
		{119631D5-DC25-49DE-B50E-6A48C24A5AB0}.Ad-Hoc|Any CPU.ActiveCfg = Release|Any CPU
		{119631D5-DC25-49DE-B50E-6A48C24A5AB0}.Ad-Hoc|iPhone.ActiveCfg = Release|Any CPU
		{119631D5-DC25-49DE-B50E-6A48C24A5AB0}.Ad-Hoc|iPhoneSimulator.ActiveCfg = Release|Any CPU
		{119631D5-DC25-49DE-B50E-6A48C24A5AB0}.Ad-Hoc|Mixed Platforms.ActiveCfg = Release|Any CPU
		{119631D5-DC25-49DE-B50E-6A48C24A5AB0}.Ad-Hoc|Mixed Platforms.Build.0 = Release|Any CPU
		{119631D5-DC25-49DE-B50E-6A48C24A5AB0}.AppStore|Any CPU.ActiveCfg = Release|Any CPU
		{119631D5-DC25-49DE-B50E-6A48C24A5AB0}.AppStore|iPhone.ActiveCfg = Release|Any CPU
		{119631D5-DC25-49DE-B50E-6A48C24A5AB0}.AppStore|iPhoneSimulator.ActiveCfg = Release|Any CPU
		{119631D5-DC25-49DE-B50E-6A48C24A5AB0}.AppStore|Mixed Platforms.ActiveCfg = Release|Any CPU
		{119631D5-DC25-49DE-B50E-6A48C24A5AB0}.AppStore|Mixed Platforms.Build.0 = Release|Any CPU
		{119631D5-DC25-49DE-B50E-6A48C24A5AB0}.Debug|Any CPU.ActiveCfg = Debug|Any CPU
		{119631D5-DC25-49DE-B50E-6A48C24A5AB0}.Debug|Any CPU.Build.0 = Debug|Any CPU
		{119631D5-DC25-49DE-B50E-6A48C24A5AB0}.Debug|iPhone.ActiveCfg = Debug|Any CPU
		{119631D5-DC25-49DE-B50E-6A48C24A5AB0}.Debug|iPhoneSimulator.ActiveCfg = Debug|Any CPU
		{119631D5-DC25-49DE-B50E-6A48C24A5AB0}.Debug|Mixed Platforms.ActiveCfg = Debug|Any CPU
		{119631D5-DC25-49DE-B50E-6A48C24A5AB0}.Debug|Mixed Platforms.Build.0 = Debug|Any CPU
		{119631D5-DC25-49DE-B50E-6A48C24A5AB0}.Release|Any CPU.ActiveCfg = Release|Any CPU
		{119631D5-DC25-49DE-B50E-6A48C24A5AB0}.Release|Any CPU.Build.0 = Release|Any CPU
		{119631D5-DC25-49DE-B50E-6A48C24A5AB0}.Release|iPhone.ActiveCfg = Release|Any CPU
		{119631D5-DC25-49DE-B50E-6A48C24A5AB0}.Release|iPhoneSimulator.ActiveCfg = Release|Any CPU
		{119631D5-DC25-49DE-B50E-6A48C24A5AB0}.Release|Mixed Platforms.ActiveCfg = Release|Any CPU
		{119631D5-DC25-49DE-B50E-6A48C24A5AB0}.Release|Mixed Platforms.Build.0 = Release|Any CPU
		{21DFEB7F-BC55-4D23-B173-6F1172AAA01E}.Ad-Hoc|Any CPU.ActiveCfg = Ad-Hoc|iPhone
		{21DFEB7F-BC55-4D23-B173-6F1172AAA01E}.Ad-Hoc|iPhone.ActiveCfg = Ad-Hoc|iPhone
		{21DFEB7F-BC55-4D23-B173-6F1172AAA01E}.Ad-Hoc|iPhone.Build.0 = Ad-Hoc|iPhone
		{21DFEB7F-BC55-4D23-B173-6F1172AAA01E}.Ad-Hoc|iPhoneSimulator.ActiveCfg = Ad-Hoc|iPhoneSimulator
		{21DFEB7F-BC55-4D23-B173-6F1172AAA01E}.Ad-Hoc|Mixed Platforms.ActiveCfg = Ad-Hoc|iPhone
		{21DFEB7F-BC55-4D23-B173-6F1172AAA01E}.Ad-Hoc|Mixed Platforms.Build.0 = Ad-Hoc|iPhone
		{21DFEB7F-BC55-4D23-B173-6F1172AAA01E}.AppStore|Any CPU.ActiveCfg = AppStore|iPhone
		{21DFEB7F-BC55-4D23-B173-6F1172AAA01E}.AppStore|iPhone.ActiveCfg = AppStore|iPhone
		{21DFEB7F-BC55-4D23-B173-6F1172AAA01E}.AppStore|iPhone.Build.0 = AppStore|iPhone
		{21DFEB7F-BC55-4D23-B173-6F1172AAA01E}.AppStore|iPhoneSimulator.ActiveCfg = AppStore|iPhoneSimulator
		{21DFEB7F-BC55-4D23-B173-6F1172AAA01E}.AppStore|Mixed Platforms.ActiveCfg = AppStore|iPhone
		{21DFEB7F-BC55-4D23-B173-6F1172AAA01E}.AppStore|Mixed Platforms.Build.0 = AppStore|iPhone
		{21DFEB7F-BC55-4D23-B173-6F1172AAA01E}.Debug|Any CPU.ActiveCfg = Debug|iPhoneSimulator
		{21DFEB7F-BC55-4D23-B173-6F1172AAA01E}.Debug|Any CPU.Build.0 = Debug|iPhoneSimulator
		{21DFEB7F-BC55-4D23-B173-6F1172AAA01E}.Debug|iPhone.ActiveCfg = Debug|iPhone
		{21DFEB7F-BC55-4D23-B173-6F1172AAA01E}.Debug|iPhone.Build.0 = Debug|iPhone
		{21DFEB7F-BC55-4D23-B173-6F1172AAA01E}.Debug|iPhoneSimulator.ActiveCfg = Debug|iPhoneSimulator
		{21DFEB7F-BC55-4D23-B173-6F1172AAA01E}.Debug|iPhoneSimulator.Build.0 = Debug|iPhoneSimulator
		{21DFEB7F-BC55-4D23-B173-6F1172AAA01E}.Debug|Mixed Platforms.ActiveCfg = Debug|iPhone
		{21DFEB7F-BC55-4D23-B173-6F1172AAA01E}.Debug|Mixed Platforms.Build.0 = Debug|iPhone
		{21DFEB7F-BC55-4D23-B173-6F1172AAA01E}.Release|Any CPU.ActiveCfg = Release|iPhoneSimulator
		{21DFEB7F-BC55-4D23-B173-6F1172AAA01E}.Release|Any CPU.Build.0 = Release|iPhoneSimulator
		{21DFEB7F-BC55-4D23-B173-6F1172AAA01E}.Release|iPhone.ActiveCfg = Release|iPhone
		{21DFEB7F-BC55-4D23-B173-6F1172AAA01E}.Release|iPhone.Build.0 = Release|iPhone
		{21DFEB7F-BC55-4D23-B173-6F1172AAA01E}.Release|iPhoneSimulator.ActiveCfg = Release|iPhoneSimulator
		{21DFEB7F-BC55-4D23-B173-6F1172AAA01E}.Release|iPhoneSimulator.Build.0 = Release|iPhoneSimulator
		{21DFEB7F-BC55-4D23-B173-6F1172AAA01E}.Release|Mixed Platforms.ActiveCfg = Release|iPhone
		{21DFEB7F-BC55-4D23-B173-6F1172AAA01E}.Release|Mixed Platforms.Build.0 = Release|iPhone
		{37FC6487-5704-40E3-BCE0-EDB8A2062BCB}.Ad-Hoc|Any CPU.ActiveCfg = Release|Any CPU
		{37FC6487-5704-40E3-BCE0-EDB8A2062BCB}.Ad-Hoc|iPhone.ActiveCfg = Debug|Any CPU
		{37FC6487-5704-40E3-BCE0-EDB8A2062BCB}.Ad-Hoc|iPhone.Build.0 = Debug|Any CPU
		{37FC6487-5704-40E3-BCE0-EDB8A2062BCB}.Ad-Hoc|iPhoneSimulator.ActiveCfg = Release|Any CPU
		{37FC6487-5704-40E3-BCE0-EDB8A2062BCB}.Ad-Hoc|Mixed Platforms.ActiveCfg = Release|Any CPU
		{37FC6487-5704-40E3-BCE0-EDB8A2062BCB}.Ad-Hoc|Mixed Platforms.Build.0 = Release|Any CPU
		{37FC6487-5704-40E3-BCE0-EDB8A2062BCB}.AppStore|Any CPU.ActiveCfg = Release|Any CPU
		{37FC6487-5704-40E3-BCE0-EDB8A2062BCB}.AppStore|iPhone.ActiveCfg = Debug|Any CPU
		{37FC6487-5704-40E3-BCE0-EDB8A2062BCB}.AppStore|iPhone.Build.0 = Debug|Any CPU
		{37FC6487-5704-40E3-BCE0-EDB8A2062BCB}.AppStore|iPhoneSimulator.ActiveCfg = Release|Any CPU
		{37FC6487-5704-40E3-BCE0-EDB8A2062BCB}.AppStore|Mixed Platforms.ActiveCfg = Release|Any CPU
		{37FC6487-5704-40E3-BCE0-EDB8A2062BCB}.AppStore|Mixed Platforms.Build.0 = Release|Any CPU
		{37FC6487-5704-40E3-BCE0-EDB8A2062BCB}.Debug|Any CPU.ActiveCfg = Debug|Any CPU
		{37FC6487-5704-40E3-BCE0-EDB8A2062BCB}.Debug|Any CPU.Build.0 = Debug|Any CPU
		{37FC6487-5704-40E3-BCE0-EDB8A2062BCB}.Debug|iPhone.ActiveCfg = Debug|Any CPU
		{37FC6487-5704-40E3-BCE0-EDB8A2062BCB}.Debug|iPhone.Build.0 = Debug|Any CPU
		{37FC6487-5704-40E3-BCE0-EDB8A2062BCB}.Debug|iPhoneSimulator.ActiveCfg = Debug|Any CPU
		{37FC6487-5704-40E3-BCE0-EDB8A2062BCB}.Debug|iPhoneSimulator.Build.0 = Debug|Any CPU
		{37FC6487-5704-40E3-BCE0-EDB8A2062BCB}.Debug|Mixed Platforms.ActiveCfg = Debug|Any CPU
		{37FC6487-5704-40E3-BCE0-EDB8A2062BCB}.Debug|Mixed Platforms.Build.0 = Debug|Any CPU
		{37FC6487-5704-40E3-BCE0-EDB8A2062BCB}.Release|Any CPU.ActiveCfg = Release|Any CPU
		{37FC6487-5704-40E3-BCE0-EDB8A2062BCB}.Release|Any CPU.Build.0 = Release|Any CPU
		{37FC6487-5704-40E3-BCE0-EDB8A2062BCB}.Release|iPhone.ActiveCfg = Release|Any CPU
		{37FC6487-5704-40E3-BCE0-EDB8A2062BCB}.Release|iPhone.Build.0 = Release|Any CPU
		{37FC6487-5704-40E3-BCE0-EDB8A2062BCB}.Release|iPhoneSimulator.ActiveCfg = Release|Any CPU
		{37FC6487-5704-40E3-BCE0-EDB8A2062BCB}.Release|iPhoneSimulator.Build.0 = Release|Any CPU
		{37FC6487-5704-40E3-BCE0-EDB8A2062BCB}.Release|Mixed Platforms.ActiveCfg = Release|Any CPU
		{37FC6487-5704-40E3-BCE0-EDB8A2062BCB}.Release|Mixed Platforms.Build.0 = Release|Any CPU
		{392F7758-6461-4691-BE0B-3A1F2FF250FA}.Ad-Hoc|Any CPU.ActiveCfg = Release|Any CPU
		{392F7758-6461-4691-BE0B-3A1F2FF250FA}.Ad-Hoc|iPhone.ActiveCfg = Debug|Any CPU
		{392F7758-6461-4691-BE0B-3A1F2FF250FA}.Ad-Hoc|iPhone.Build.0 = Debug|Any CPU
		{392F7758-6461-4691-BE0B-3A1F2FF250FA}.Ad-Hoc|iPhoneSimulator.ActiveCfg = Release|Any CPU
		{392F7758-6461-4691-BE0B-3A1F2FF250FA}.Ad-Hoc|Mixed Platforms.ActiveCfg = Release|Any CPU
		{392F7758-6461-4691-BE0B-3A1F2FF250FA}.Ad-Hoc|Mixed Platforms.Build.0 = Release|Any CPU
		{392F7758-6461-4691-BE0B-3A1F2FF250FA}.AppStore|Any CPU.ActiveCfg = Release|Any CPU
		{392F7758-6461-4691-BE0B-3A1F2FF250FA}.AppStore|iPhone.ActiveCfg = Debug|Any CPU
		{392F7758-6461-4691-BE0B-3A1F2FF250FA}.AppStore|iPhone.Build.0 = Debug|Any CPU
		{392F7758-6461-4691-BE0B-3A1F2FF250FA}.AppStore|iPhoneSimulator.ActiveCfg = Release|Any CPU
		{392F7758-6461-4691-BE0B-3A1F2FF250FA}.AppStore|Mixed Platforms.ActiveCfg = Release|Any CPU
		{392F7758-6461-4691-BE0B-3A1F2FF250FA}.AppStore|Mixed Platforms.Build.0 = Release|Any CPU
		{392F7758-6461-4691-BE0B-3A1F2FF250FA}.Debug|Any CPU.ActiveCfg = Debug|Any CPU
		{392F7758-6461-4691-BE0B-3A1F2FF250FA}.Debug|Any CPU.Build.0 = Debug|Any CPU
		{392F7758-6461-4691-BE0B-3A1F2FF250FA}.Debug|iPhone.ActiveCfg = Debug|Any CPU
		{392F7758-6461-4691-BE0B-3A1F2FF250FA}.Debug|iPhone.Build.0 = Debug|Any CPU
		{392F7758-6461-4691-BE0B-3A1F2FF250FA}.Debug|iPhoneSimulator.ActiveCfg = Debug|Any CPU
		{392F7758-6461-4691-BE0B-3A1F2FF250FA}.Debug|iPhoneSimulator.Build.0 = Debug|Any CPU
		{392F7758-6461-4691-BE0B-3A1F2FF250FA}.Debug|Mixed Platforms.ActiveCfg = Debug|Any CPU
		{392F7758-6461-4691-BE0B-3A1F2FF250FA}.Debug|Mixed Platforms.Build.0 = Debug|Any CPU
		{392F7758-6461-4691-BE0B-3A1F2FF250FA}.Release|Any CPU.ActiveCfg = Release|Any CPU
		{392F7758-6461-4691-BE0B-3A1F2FF250FA}.Release|Any CPU.Build.0 = Release|Any CPU
		{392F7758-6461-4691-BE0B-3A1F2FF250FA}.Release|iPhone.ActiveCfg = Release|Any CPU
		{392F7758-6461-4691-BE0B-3A1F2FF250FA}.Release|iPhone.Build.0 = Release|Any CPU
		{392F7758-6461-4691-BE0B-3A1F2FF250FA}.Release|iPhoneSimulator.ActiveCfg = Release|Any CPU
		{392F7758-6461-4691-BE0B-3A1F2FF250FA}.Release|iPhoneSimulator.Build.0 = Release|Any CPU
		{392F7758-6461-4691-BE0B-3A1F2FF250FA}.Release|Mixed Platforms.ActiveCfg = Release|Any CPU
		{392F7758-6461-4691-BE0B-3A1F2FF250FA}.Release|Mixed Platforms.Build.0 = Release|Any CPU
		{4096DECB-F198-492A-AFC2-51671C802277}.Ad-Hoc|Any CPU.ActiveCfg = Release|Any CPU
		{4096DECB-F198-492A-AFC2-51671C802277}.Ad-Hoc|iPhone.ActiveCfg = Release|Any CPU
		{4096DECB-F198-492A-AFC2-51671C802277}.Ad-Hoc|iPhoneSimulator.ActiveCfg = Release|Any CPU
		{4096DECB-F198-492A-AFC2-51671C802277}.Ad-Hoc|Mixed Platforms.ActiveCfg = Release|Any CPU
		{4096DECB-F198-492A-AFC2-51671C802277}.Ad-Hoc|Mixed Platforms.Build.0 = Release|Any CPU
		{4096DECB-F198-492A-AFC2-51671C802277}.AppStore|Any CPU.ActiveCfg = Release|Any CPU
		{4096DECB-F198-492A-AFC2-51671C802277}.AppStore|iPhone.ActiveCfg = Release|Any CPU
		{4096DECB-F198-492A-AFC2-51671C802277}.AppStore|iPhoneSimulator.ActiveCfg = Release|Any CPU
		{4096DECB-F198-492A-AFC2-51671C802277}.AppStore|Mixed Platforms.ActiveCfg = Release|Any CPU
		{4096DECB-F198-492A-AFC2-51671C802277}.AppStore|Mixed Platforms.Build.0 = Release|Any CPU
		{4096DECB-F198-492A-AFC2-51671C802277}.Debug|Any CPU.ActiveCfg = Debug|Any CPU
		{4096DECB-F198-492A-AFC2-51671C802277}.Debug|Any CPU.Build.0 = Debug|Any CPU
		{4096DECB-F198-492A-AFC2-51671C802277}.Debug|iPhone.ActiveCfg = Debug|Any CPU
		{4096DECB-F198-492A-AFC2-51671C802277}.Debug|iPhoneSimulator.ActiveCfg = Debug|Any CPU
		{4096DECB-F198-492A-AFC2-51671C802277}.Debug|Mixed Platforms.ActiveCfg = Debug|Any CPU
		{4096DECB-F198-492A-AFC2-51671C802277}.Debug|Mixed Platforms.Build.0 = Debug|Any CPU
		{4096DECB-F198-492A-AFC2-51671C802277}.Release|Any CPU.ActiveCfg = Release|Any CPU
		{4096DECB-F198-492A-AFC2-51671C802277}.Release|Any CPU.Build.0 = Release|Any CPU
		{4096DECB-F198-492A-AFC2-51671C802277}.Release|iPhone.ActiveCfg = Release|Any CPU
		{4096DECB-F198-492A-AFC2-51671C802277}.Release|iPhoneSimulator.ActiveCfg = Release|Any CPU
		{4096DECB-F198-492A-AFC2-51671C802277}.Release|Mixed Platforms.ActiveCfg = Release|Any CPU
		{4096DECB-F198-492A-AFC2-51671C802277}.Release|Mixed Platforms.Build.0 = Release|Any CPU
		{442D2F6E-CD98-4897-AB2F-F473897C6BAD}.Ad-Hoc|Any CPU.ActiveCfg = Release|Any CPU
		{442D2F6E-CD98-4897-AB2F-F473897C6BAD}.Ad-Hoc|iPhone.ActiveCfg = Release|Any CPU
		{442D2F6E-CD98-4897-AB2F-F473897C6BAD}.Ad-Hoc|iPhoneSimulator.ActiveCfg = Release|Any CPU
		{442D2F6E-CD98-4897-AB2F-F473897C6BAD}.Ad-Hoc|Mixed Platforms.ActiveCfg = Release|Any CPU
		{442D2F6E-CD98-4897-AB2F-F473897C6BAD}.Ad-Hoc|Mixed Platforms.Build.0 = Release|Any CPU
		{442D2F6E-CD98-4897-AB2F-F473897C6BAD}.AppStore|Any CPU.ActiveCfg = Release|Any CPU
		{442D2F6E-CD98-4897-AB2F-F473897C6BAD}.AppStore|iPhone.ActiveCfg = Release|Any CPU
		{442D2F6E-CD98-4897-AB2F-F473897C6BAD}.AppStore|iPhoneSimulator.ActiveCfg = Release|Any CPU
		{442D2F6E-CD98-4897-AB2F-F473897C6BAD}.AppStore|Mixed Platforms.ActiveCfg = Release|Any CPU
		{442D2F6E-CD98-4897-AB2F-F473897C6BAD}.AppStore|Mixed Platforms.Build.0 = Release|Any CPU
		{442D2F6E-CD98-4897-AB2F-F473897C6BAD}.Debug|Any CPU.ActiveCfg = Debug|Any CPU
		{442D2F6E-CD98-4897-AB2F-F473897C6BAD}.Debug|Any CPU.Build.0 = Debug|Any CPU
		{442D2F6E-CD98-4897-AB2F-F473897C6BAD}.Debug|iPhone.ActiveCfg = Debug|Any CPU
		{442D2F6E-CD98-4897-AB2F-F473897C6BAD}.Debug|iPhoneSimulator.ActiveCfg = Debug|Any CPU
		{442D2F6E-CD98-4897-AB2F-F473897C6BAD}.Debug|Mixed Platforms.ActiveCfg = Debug|Any CPU
		{442D2F6E-CD98-4897-AB2F-F473897C6BAD}.Debug|Mixed Platforms.Build.0 = Debug|Any CPU
		{442D2F6E-CD98-4897-AB2F-F473897C6BAD}.Release|Any CPU.ActiveCfg = Release|Any CPU
		{442D2F6E-CD98-4897-AB2F-F473897C6BAD}.Release|Any CPU.Build.0 = Release|Any CPU
		{442D2F6E-CD98-4897-AB2F-F473897C6BAD}.Release|iPhone.ActiveCfg = Release|Any CPU
		{442D2F6E-CD98-4897-AB2F-F473897C6BAD}.Release|iPhoneSimulator.ActiveCfg = Release|Any CPU
		{442D2F6E-CD98-4897-AB2F-F473897C6BAD}.Release|Mixed Platforms.ActiveCfg = Release|Any CPU
		{442D2F6E-CD98-4897-AB2F-F473897C6BAD}.Release|Mixed Platforms.Build.0 = Release|Any CPU
		{6D44C26F-76A3-48F0-A29A-406603B72695}.Ad-Hoc|Any CPU.ActiveCfg = Release|Any CPU
		{6D44C26F-76A3-48F0-A29A-406603B72695}.Ad-Hoc|iPhone.ActiveCfg = Release|Any CPU
		{6D44C26F-76A3-48F0-A29A-406603B72695}.Ad-Hoc|iPhoneSimulator.ActiveCfg = Release|Any CPU
		{6D44C26F-76A3-48F0-A29A-406603B72695}.Ad-Hoc|Mixed Platforms.ActiveCfg = Release|Any CPU
		{6D44C26F-76A3-48F0-A29A-406603B72695}.Ad-Hoc|Mixed Platforms.Build.0 = Release|Any CPU
		{6D44C26F-76A3-48F0-A29A-406603B72695}.AppStore|Any CPU.ActiveCfg = Release|Any CPU
		{6D44C26F-76A3-48F0-A29A-406603B72695}.AppStore|iPhone.ActiveCfg = Release|Any CPU
		{6D44C26F-76A3-48F0-A29A-406603B72695}.AppStore|iPhoneSimulator.ActiveCfg = Release|Any CPU
		{6D44C26F-76A3-48F0-A29A-406603B72695}.AppStore|Mixed Platforms.ActiveCfg = Release|Any CPU
		{6D44C26F-76A3-48F0-A29A-406603B72695}.AppStore|Mixed Platforms.Build.0 = Release|Any CPU
		{6D44C26F-76A3-48F0-A29A-406603B72695}.Debug|Any CPU.ActiveCfg = Debug|Any CPU
		{6D44C26F-76A3-48F0-A29A-406603B72695}.Debug|Any CPU.Build.0 = Debug|Any CPU
		{6D44C26F-76A3-48F0-A29A-406603B72695}.Debug|iPhone.ActiveCfg = Debug|Any CPU
		{6D44C26F-76A3-48F0-A29A-406603B72695}.Debug|iPhoneSimulator.ActiveCfg = Debug|Any CPU
		{6D44C26F-76A3-48F0-A29A-406603B72695}.Debug|Mixed Platforms.ActiveCfg = Debug|Any CPU
		{6D44C26F-76A3-48F0-A29A-406603B72695}.Debug|Mixed Platforms.Build.0 = Debug|Any CPU
		{6D44C26F-76A3-48F0-A29A-406603B72695}.Release|Any CPU.ActiveCfg = Release|Any CPU
		{6D44C26F-76A3-48F0-A29A-406603B72695}.Release|Any CPU.Build.0 = Release|Any CPU
		{6D44C26F-76A3-48F0-A29A-406603B72695}.Release|iPhone.ActiveCfg = Release|Any CPU
		{6D44C26F-76A3-48F0-A29A-406603B72695}.Release|iPhoneSimulator.ActiveCfg = Release|Any CPU
		{6D44C26F-76A3-48F0-A29A-406603B72695}.Release|Mixed Platforms.ActiveCfg = Release|Any CPU
		{6D44C26F-76A3-48F0-A29A-406603B72695}.Release|Mixed Platforms.Build.0 = Release|Any CPU
		{88AB738F-7A36-4C93-B808-B6CE2D3444B2}.Ad-Hoc|Any CPU.ActiveCfg = Release|Any CPU
		{88AB738F-7A36-4C93-B808-B6CE2D3444B2}.Ad-Hoc|iPhone.ActiveCfg = Debug|Any CPU
		{88AB738F-7A36-4C93-B808-B6CE2D3444B2}.Ad-Hoc|iPhone.Build.0 = Debug|Any CPU
		{88AB738F-7A36-4C93-B808-B6CE2D3444B2}.Ad-Hoc|iPhoneSimulator.ActiveCfg = Release|Any CPU
		{88AB738F-7A36-4C93-B808-B6CE2D3444B2}.Ad-Hoc|Mixed Platforms.ActiveCfg = Release|Any CPU
		{88AB738F-7A36-4C93-B808-B6CE2D3444B2}.Ad-Hoc|Mixed Platforms.Build.0 = Release|Any CPU
		{88AB738F-7A36-4C93-B808-B6CE2D3444B2}.AppStore|Any CPU.ActiveCfg = Release|Any CPU
		{88AB738F-7A36-4C93-B808-B6CE2D3444B2}.AppStore|iPhone.ActiveCfg = Debug|Any CPU
		{88AB738F-7A36-4C93-B808-B6CE2D3444B2}.AppStore|iPhone.Build.0 = Debug|Any CPU
		{88AB738F-7A36-4C93-B808-B6CE2D3444B2}.AppStore|iPhoneSimulator.ActiveCfg = Release|Any CPU
		{88AB738F-7A36-4C93-B808-B6CE2D3444B2}.AppStore|Mixed Platforms.ActiveCfg = Release|Any CPU
		{88AB738F-7A36-4C93-B808-B6CE2D3444B2}.AppStore|Mixed Platforms.Build.0 = Release|Any CPU
		{88AB738F-7A36-4C93-B808-B6CE2D3444B2}.Debug|Any CPU.ActiveCfg = Debug|Any CPU
		{88AB738F-7A36-4C93-B808-B6CE2D3444B2}.Debug|Any CPU.Build.0 = Debug|Any CPU
		{88AB738F-7A36-4C93-B808-B6CE2D3444B2}.Debug|iPhone.ActiveCfg = Debug|Any CPU
		{88AB738F-7A36-4C93-B808-B6CE2D3444B2}.Debug|iPhone.Build.0 = Debug|Any CPU
		{88AB738F-7A36-4C93-B808-B6CE2D3444B2}.Debug|iPhoneSimulator.ActiveCfg = Debug|Any CPU
		{88AB738F-7A36-4C93-B808-B6CE2D3444B2}.Debug|iPhoneSimulator.Build.0 = Debug|Any CPU
		{88AB738F-7A36-4C93-B808-B6CE2D3444B2}.Debug|Mixed Platforms.ActiveCfg = Debug|Any CPU
		{88AB738F-7A36-4C93-B808-B6CE2D3444B2}.Debug|Mixed Platforms.Build.0 = Debug|Any CPU
		{88AB738F-7A36-4C93-B808-B6CE2D3444B2}.Release|Any CPU.ActiveCfg = Release|Any CPU
		{88AB738F-7A36-4C93-B808-B6CE2D3444B2}.Release|Any CPU.Build.0 = Release|Any CPU
		{88AB738F-7A36-4C93-B808-B6CE2D3444B2}.Release|iPhone.ActiveCfg = Release|Any CPU
		{88AB738F-7A36-4C93-B808-B6CE2D3444B2}.Release|iPhone.Build.0 = Release|Any CPU
		{88AB738F-7A36-4C93-B808-B6CE2D3444B2}.Release|iPhoneSimulator.ActiveCfg = Release|Any CPU
		{88AB738F-7A36-4C93-B808-B6CE2D3444B2}.Release|iPhoneSimulator.Build.0 = Release|Any CPU
		{88AB738F-7A36-4C93-B808-B6CE2D3444B2}.Release|Mixed Platforms.ActiveCfg = Release|Any CPU
		{88AB738F-7A36-4C93-B808-B6CE2D3444B2}.Release|Mixed Platforms.Build.0 = Release|Any CPU
		{8FAA29AE-7554-4093-878B-87B5DBC24F42}.Ad-Hoc|Any CPU.ActiveCfg = Release|Any CPU
		{8FAA29AE-7554-4093-878B-87B5DBC24F42}.Ad-Hoc|iPhone.ActiveCfg = Debug|Any CPU
		{8FAA29AE-7554-4093-878B-87B5DBC24F42}.Ad-Hoc|iPhone.Build.0 = Debug|Any CPU
		{8FAA29AE-7554-4093-878B-87B5DBC24F42}.Ad-Hoc|iPhoneSimulator.ActiveCfg = Release|Any CPU
		{8FAA29AE-7554-4093-878B-87B5DBC24F42}.Ad-Hoc|Mixed Platforms.ActiveCfg = Release|Any CPU
		{8FAA29AE-7554-4093-878B-87B5DBC24F42}.Ad-Hoc|Mixed Platforms.Build.0 = Release|Any CPU
		{8FAA29AE-7554-4093-878B-87B5DBC24F42}.AppStore|Any CPU.ActiveCfg = Release|Any CPU
		{8FAA29AE-7554-4093-878B-87B5DBC24F42}.AppStore|iPhone.ActiveCfg = Debug|Any CPU
		{8FAA29AE-7554-4093-878B-87B5DBC24F42}.AppStore|iPhone.Build.0 = Debug|Any CPU
		{8FAA29AE-7554-4093-878B-87B5DBC24F42}.AppStore|iPhoneSimulator.ActiveCfg = Release|Any CPU
		{8FAA29AE-7554-4093-878B-87B5DBC24F42}.AppStore|Mixed Platforms.ActiveCfg = Release|Any CPU
		{8FAA29AE-7554-4093-878B-87B5DBC24F42}.AppStore|Mixed Platforms.Build.0 = Release|Any CPU
		{8FAA29AE-7554-4093-878B-87B5DBC24F42}.Debug|Any CPU.ActiveCfg = Debug|Any CPU
		{8FAA29AE-7554-4093-878B-87B5DBC24F42}.Debug|Any CPU.Build.0 = Debug|Any CPU
		{8FAA29AE-7554-4093-878B-87B5DBC24F42}.Debug|iPhone.ActiveCfg = Debug|Any CPU
		{8FAA29AE-7554-4093-878B-87B5DBC24F42}.Debug|iPhone.Build.0 = Debug|Any CPU
		{8FAA29AE-7554-4093-878B-87B5DBC24F42}.Debug|iPhoneSimulator.ActiveCfg = Debug|Any CPU
		{8FAA29AE-7554-4093-878B-87B5DBC24F42}.Debug|iPhoneSimulator.Build.0 = Debug|Any CPU
		{8FAA29AE-7554-4093-878B-87B5DBC24F42}.Debug|Mixed Platforms.ActiveCfg = Debug|Any CPU
		{8FAA29AE-7554-4093-878B-87B5DBC24F42}.Debug|Mixed Platforms.Build.0 = Debug|Any CPU
		{8FAA29AE-7554-4093-878B-87B5DBC24F42}.Release|Any CPU.ActiveCfg = Release|Any CPU
		{8FAA29AE-7554-4093-878B-87B5DBC24F42}.Release|Any CPU.Build.0 = Release|Any CPU
		{8FAA29AE-7554-4093-878B-87B5DBC24F42}.Release|iPhone.ActiveCfg = Release|Any CPU
		{8FAA29AE-7554-4093-878B-87B5DBC24F42}.Release|iPhone.Build.0 = Release|Any CPU
		{8FAA29AE-7554-4093-878B-87B5DBC24F42}.Release|iPhoneSimulator.ActiveCfg = Release|Any CPU
		{8FAA29AE-7554-4093-878B-87B5DBC24F42}.Release|iPhoneSimulator.Build.0 = Release|Any CPU
		{8FAA29AE-7554-4093-878B-87B5DBC24F42}.Release|Mixed Platforms.ActiveCfg = Release|Any CPU
		{8FAA29AE-7554-4093-878B-87B5DBC24F42}.Release|Mixed Platforms.Build.0 = Release|Any CPU
		{8FD8E072-37C6-4E45-9086-3CA4EF614378}.Ad-Hoc|Any CPU.ActiveCfg = AppStore|Any CPU
		{8FD8E072-37C6-4E45-9086-3CA4EF614378}.Ad-Hoc|iPhone.ActiveCfg = Debug|Any CPU
		{8FD8E072-37C6-4E45-9086-3CA4EF614378}.Ad-Hoc|iPhone.Build.0 = Debug|Any CPU
		{8FD8E072-37C6-4E45-9086-3CA4EF614378}.Ad-Hoc|iPhoneSimulator.ActiveCfg = AppStore|Any CPU
		{8FD8E072-37C6-4E45-9086-3CA4EF614378}.Ad-Hoc|Mixed Platforms.ActiveCfg = AppStore|Any CPU
		{8FD8E072-37C6-4E45-9086-3CA4EF614378}.Ad-Hoc|Mixed Platforms.Build.0 = AppStore|Any CPU
		{8FD8E072-37C6-4E45-9086-3CA4EF614378}.AppStore|Any CPU.ActiveCfg = AppStore|Any CPU
		{8FD8E072-37C6-4E45-9086-3CA4EF614378}.AppStore|iPhone.ActiveCfg = AppStore|Any CPU
		{8FD8E072-37C6-4E45-9086-3CA4EF614378}.AppStore|iPhone.Build.0 = AppStore|Any CPU
		{8FD8E072-37C6-4E45-9086-3CA4EF614378}.AppStore|iPhoneSimulator.ActiveCfg = AppStore|Any CPU
		{8FD8E072-37C6-4E45-9086-3CA4EF614378}.AppStore|Mixed Platforms.ActiveCfg = AppStore|Any CPU
		{8FD8E072-37C6-4E45-9086-3CA4EF614378}.AppStore|Mixed Platforms.Build.0 = AppStore|Any CPU
		{8FD8E072-37C6-4E45-9086-3CA4EF614378}.Debug|Any CPU.ActiveCfg = Debug|Any CPU
		{8FD8E072-37C6-4E45-9086-3CA4EF614378}.Debug|Any CPU.Build.0 = Debug|Any CPU
		{8FD8E072-37C6-4E45-9086-3CA4EF614378}.Debug|iPhone.ActiveCfg = Debug|Any CPU
		{8FD8E072-37C6-4E45-9086-3CA4EF614378}.Debug|iPhone.Build.0 = Debug|Any CPU
		{8FD8E072-37C6-4E45-9086-3CA4EF614378}.Debug|iPhoneSimulator.ActiveCfg = Debug|Any CPU
		{8FD8E072-37C6-4E45-9086-3CA4EF614378}.Debug|iPhoneSimulator.Build.0 = Debug|Any CPU
		{8FD8E072-37C6-4E45-9086-3CA4EF614378}.Debug|Mixed Platforms.ActiveCfg = Debug|Any CPU
		{8FD8E072-37C6-4E45-9086-3CA4EF614378}.Debug|Mixed Platforms.Build.0 = Debug|Any CPU
		{8FD8E072-37C6-4E45-9086-3CA4EF614378}.Release|Any CPU.ActiveCfg = Release|Any CPU
		{8FD8E072-37C6-4E45-9086-3CA4EF614378}.Release|Any CPU.Build.0 = Release|Any CPU
		{8FD8E072-37C6-4E45-9086-3CA4EF614378}.Release|iPhone.ActiveCfg = Release|Any CPU
		{8FD8E072-37C6-4E45-9086-3CA4EF614378}.Release|iPhone.Build.0 = Release|Any CPU
		{8FD8E072-37C6-4E45-9086-3CA4EF614378}.Release|iPhoneSimulator.ActiveCfg = Release|Any CPU
		{8FD8E072-37C6-4E45-9086-3CA4EF614378}.Release|iPhoneSimulator.Build.0 = Release|Any CPU
		{8FD8E072-37C6-4E45-9086-3CA4EF614378}.Release|Mixed Platforms.ActiveCfg = Release|Any CPU
		{8FD8E072-37C6-4E45-9086-3CA4EF614378}.Release|Mixed Platforms.Build.0 = Release|Any CPU
		{A5FD15FE-E8B3-45FF-85FE-599B56E1CAF0}.Ad-Hoc|Any CPU.ActiveCfg = Release|Any CPU
		{A5FD15FE-E8B3-45FF-85FE-599B56E1CAF0}.Ad-Hoc|iPhone.ActiveCfg = Debug|Any CPU
		{A5FD15FE-E8B3-45FF-85FE-599B56E1CAF0}.Ad-Hoc|iPhone.Build.0 = Debug|Any CPU
		{A5FD15FE-E8B3-45FF-85FE-599B56E1CAF0}.Ad-Hoc|iPhoneSimulator.ActiveCfg = Release|Any CPU
		{A5FD15FE-E8B3-45FF-85FE-599B56E1CAF0}.Ad-Hoc|Mixed Platforms.ActiveCfg = Release|Any CPU
		{A5FD15FE-E8B3-45FF-85FE-599B56E1CAF0}.Ad-Hoc|Mixed Platforms.Build.0 = Release|Any CPU
		{A5FD15FE-E8B3-45FF-85FE-599B56E1CAF0}.AppStore|Any CPU.ActiveCfg = Release|Any CPU
		{A5FD15FE-E8B3-45FF-85FE-599B56E1CAF0}.AppStore|iPhone.ActiveCfg = Debug|Any CPU
		{A5FD15FE-E8B3-45FF-85FE-599B56E1CAF0}.AppStore|iPhone.Build.0 = Debug|Any CPU
		{A5FD15FE-E8B3-45FF-85FE-599B56E1CAF0}.AppStore|iPhoneSimulator.ActiveCfg = Release|Any CPU
		{A5FD15FE-E8B3-45FF-85FE-599B56E1CAF0}.AppStore|Mixed Platforms.ActiveCfg = Release|Any CPU
		{A5FD15FE-E8B3-45FF-85FE-599B56E1CAF0}.AppStore|Mixed Platforms.Build.0 = Release|Any CPU
		{A5FD15FE-E8B3-45FF-85FE-599B56E1CAF0}.Debug|Any CPU.ActiveCfg = Debug|Any CPU
		{A5FD15FE-E8B3-45FF-85FE-599B56E1CAF0}.Debug|Any CPU.Build.0 = Debug|Any CPU
		{A5FD15FE-E8B3-45FF-85FE-599B56E1CAF0}.Debug|iPhone.ActiveCfg = Debug|Any CPU
		{A5FD15FE-E8B3-45FF-85FE-599B56E1CAF0}.Debug|iPhone.Build.0 = Debug|Any CPU
		{A5FD15FE-E8B3-45FF-85FE-599B56E1CAF0}.Debug|iPhoneSimulator.ActiveCfg = Debug|Any CPU
		{A5FD15FE-E8B3-45FF-85FE-599B56E1CAF0}.Debug|iPhoneSimulator.Build.0 = Debug|Any CPU
		{A5FD15FE-E8B3-45FF-85FE-599B56E1CAF0}.Debug|Mixed Platforms.ActiveCfg = Debug|Any CPU
		{A5FD15FE-E8B3-45FF-85FE-599B56E1CAF0}.Debug|Mixed Platforms.Build.0 = Debug|Any CPU
		{A5FD15FE-E8B3-45FF-85FE-599B56E1CAF0}.Release|Any CPU.ActiveCfg = Release|Any CPU
		{A5FD15FE-E8B3-45FF-85FE-599B56E1CAF0}.Release|Any CPU.Build.0 = Release|Any CPU
		{A5FD15FE-E8B3-45FF-85FE-599B56E1CAF0}.Release|iPhone.ActiveCfg = Release|Any CPU
		{A5FD15FE-E8B3-45FF-85FE-599B56E1CAF0}.Release|iPhone.Build.0 = Release|Any CPU
		{A5FD15FE-E8B3-45FF-85FE-599B56E1CAF0}.Release|iPhoneSimulator.ActiveCfg = Release|Any CPU
		{A5FD15FE-E8B3-45FF-85FE-599B56E1CAF0}.Release|iPhoneSimulator.Build.0 = Release|Any CPU
		{A5FD15FE-E8B3-45FF-85FE-599B56E1CAF0}.Release|Mixed Platforms.ActiveCfg = Release|Any CPU
		{A5FD15FE-E8B3-45FF-85FE-599B56E1CAF0}.Release|Mixed Platforms.Build.0 = Release|Any CPU
		{D7A8D2A5-7A3E-4CDC-A30E-74CD676ADF07}.Ad-Hoc|Any CPU.ActiveCfg = Release|Any CPU
		{D7A8D2A5-7A3E-4CDC-A30E-74CD676ADF07}.Ad-Hoc|iPhone.ActiveCfg = Release|Any CPU
		{D7A8D2A5-7A3E-4CDC-A30E-74CD676ADF07}.Ad-Hoc|iPhoneSimulator.ActiveCfg = Release|Any CPU
		{D7A8D2A5-7A3E-4CDC-A30E-74CD676ADF07}.Ad-Hoc|Mixed Platforms.ActiveCfg = Release|Any CPU
		{D7A8D2A5-7A3E-4CDC-A30E-74CD676ADF07}.Ad-Hoc|Mixed Platforms.Build.0 = Release|Any CPU
		{D7A8D2A5-7A3E-4CDC-A30E-74CD676ADF07}.AppStore|Any CPU.ActiveCfg = Release|Any CPU
		{D7A8D2A5-7A3E-4CDC-A30E-74CD676ADF07}.AppStore|iPhone.ActiveCfg = Release|Any CPU
		{D7A8D2A5-7A3E-4CDC-A30E-74CD676ADF07}.AppStore|iPhoneSimulator.ActiveCfg = Release|Any CPU
		{D7A8D2A5-7A3E-4CDC-A30E-74CD676ADF07}.AppStore|Mixed Platforms.ActiveCfg = Release|Any CPU
		{D7A8D2A5-7A3E-4CDC-A30E-74CD676ADF07}.AppStore|Mixed Platforms.Build.0 = Release|Any CPU
		{D7A8D2A5-7A3E-4CDC-A30E-74CD676ADF07}.Debug|Any CPU.ActiveCfg = Debug|Any CPU
		{D7A8D2A5-7A3E-4CDC-A30E-74CD676ADF07}.Debug|Any CPU.Build.0 = Debug|Any CPU
		{D7A8D2A5-7A3E-4CDC-A30E-74CD676ADF07}.Debug|iPhone.ActiveCfg = Debug|Any CPU
		{D7A8D2A5-7A3E-4CDC-A30E-74CD676ADF07}.Debug|iPhoneSimulator.ActiveCfg = Debug|Any CPU
		{D7A8D2A5-7A3E-4CDC-A30E-74CD676ADF07}.Debug|Mixed Platforms.ActiveCfg = Debug|Any CPU
		{D7A8D2A5-7A3E-4CDC-A30E-74CD676ADF07}.Debug|Mixed Platforms.Build.0 = Debug|Any CPU
		{D7A8D2A5-7A3E-4CDC-A30E-74CD676ADF07}.Release|Any CPU.ActiveCfg = Release|Any CPU
		{D7A8D2A5-7A3E-4CDC-A30E-74CD676ADF07}.Release|Any CPU.Build.0 = Release|Any CPU
		{D7A8D2A5-7A3E-4CDC-A30E-74CD676ADF07}.Release|iPhone.ActiveCfg = Release|Any CPU
		{D7A8D2A5-7A3E-4CDC-A30E-74CD676ADF07}.Release|iPhoneSimulator.ActiveCfg = Release|Any CPU
		{D7A8D2A5-7A3E-4CDC-A30E-74CD676ADF07}.Release|Mixed Platforms.ActiveCfg = Release|Any CPU
		{D7A8D2A5-7A3E-4CDC-A30E-74CD676ADF07}.Release|Mixed Platforms.Build.0 = Release|Any CPU
		{EBDFA7C3-91C0-4580-9AD4-4F509066E038}.Ad-Hoc|Any CPU.ActiveCfg = Release|Any CPU
		{EBDFA7C3-91C0-4580-9AD4-4F509066E038}.Ad-Hoc|iPhone.ActiveCfg = Debug|Any CPU
		{EBDFA7C3-91C0-4580-9AD4-4F509066E038}.Ad-Hoc|iPhone.Build.0 = Debug|Any CPU
		{EBDFA7C3-91C0-4580-9AD4-4F509066E038}.Ad-Hoc|iPhoneSimulator.ActiveCfg = Release|Any CPU
		{EBDFA7C3-91C0-4580-9AD4-4F509066E038}.Ad-Hoc|Mixed Platforms.ActiveCfg = Release|Any CPU
		{EBDFA7C3-91C0-4580-9AD4-4F509066E038}.Ad-Hoc|Mixed Platforms.Build.0 = Release|Any CPU
		{EBDFA7C3-91C0-4580-9AD4-4F509066E038}.AppStore|Any CPU.ActiveCfg = Release|Any CPU
		{EBDFA7C3-91C0-4580-9AD4-4F509066E038}.AppStore|iPhone.ActiveCfg = Debug|Any CPU
		{EBDFA7C3-91C0-4580-9AD4-4F509066E038}.AppStore|iPhone.Build.0 = Debug|Any CPU
		{EBDFA7C3-91C0-4580-9AD4-4F509066E038}.AppStore|iPhoneSimulator.ActiveCfg = Release|Any CPU
		{EBDFA7C3-91C0-4580-9AD4-4F509066E038}.AppStore|Mixed Platforms.ActiveCfg = Release|Any CPU
		{EBDFA7C3-91C0-4580-9AD4-4F509066E038}.AppStore|Mixed Platforms.Build.0 = Release|Any CPU
		{EBDFA7C3-91C0-4580-9AD4-4F509066E038}.Debug|Any CPU.ActiveCfg = Debug|Any CPU
		{EBDFA7C3-91C0-4580-9AD4-4F509066E038}.Debug|Any CPU.Build.0 = Debug|Any CPU
		{EBDFA7C3-91C0-4580-9AD4-4F509066E038}.Debug|iPhone.ActiveCfg = Debug|Any CPU
		{EBDFA7C3-91C0-4580-9AD4-4F509066E038}.Debug|iPhone.Build.0 = Debug|Any CPU
		{EBDFA7C3-91C0-4580-9AD4-4F509066E038}.Debug|iPhoneSimulator.ActiveCfg = Debug|Any CPU
		{EBDFA7C3-91C0-4580-9AD4-4F509066E038}.Debug|iPhoneSimulator.Build.0 = Debug|Any CPU
		{EBDFA7C3-91C0-4580-9AD4-4F509066E038}.Debug|Mixed Platforms.ActiveCfg = Debug|Any CPU
		{EBDFA7C3-91C0-4580-9AD4-4F509066E038}.Debug|Mixed Platforms.Build.0 = Debug|Any CPU
		{EBDFA7C3-91C0-4580-9AD4-4F509066E038}.Release|Any CPU.ActiveCfg = Release|Any CPU
		{EBDFA7C3-91C0-4580-9AD4-4F509066E038}.Release|Any CPU.Build.0 = Release|Any CPU
		{EBDFA7C3-91C0-4580-9AD4-4F509066E038}.Release|iPhone.ActiveCfg = Release|Any CPU
		{EBDFA7C3-91C0-4580-9AD4-4F509066E038}.Release|iPhone.Build.0 = Release|Any CPU
		{EBDFA7C3-91C0-4580-9AD4-4F509066E038}.Release|iPhoneSimulator.ActiveCfg = Release|Any CPU
		{EBDFA7C3-91C0-4580-9AD4-4F509066E038}.Release|iPhoneSimulator.Build.0 = Release|Any CPU
		{EBDFA7C3-91C0-4580-9AD4-4F509066E038}.Release|Mixed Platforms.ActiveCfg = Release|Any CPU
		{EBDFA7C3-91C0-4580-9AD4-4F509066E038}.Release|Mixed Platforms.Build.0 = Release|Any CPU
		{392F7758-6461-4691-BE0B-3A1F2FF250FA}.Ad-Hoc|Mixed Platforms.Deploy.0 = Release|Any CPU
		{392F7758-6461-4691-BE0B-3A1F2FF250FA}.AppStore|Mixed Platforms.Deploy.0 = Release|Any CPU
		{392F7758-6461-4691-BE0B-3A1F2FF250FA}.Debug|Any CPU.Deploy.0 = Debug|Any CPU
		{392F7758-6461-4691-BE0B-3A1F2FF250FA}.Debug|Mixed Platforms.Deploy.0 = Debug|Any CPU
		{392F7758-6461-4691-BE0B-3A1F2FF250FA}.Release|Any CPU.Deploy.0 = Release|Any CPU
		{392F7758-6461-4691-BE0B-3A1F2FF250FA}.Release|Mixed Platforms.Deploy.0 = Release|Any CPU
		{442D2F6E-CD98-4897-AB2F-F473897C6BAD}.Ad-Hoc|Mixed Platforms.Deploy.0 = Release|Any CPU
		{442D2F6E-CD98-4897-AB2F-F473897C6BAD}.AppStore|Mixed Platforms.Deploy.0 = Release|Any CPU
		{442D2F6E-CD98-4897-AB2F-F473897C6BAD}.Debug|Any CPU.Deploy.0 = Debug|Any CPU
		{442D2F6E-CD98-4897-AB2F-F473897C6BAD}.Debug|Mixed Platforms.Deploy.0 = Debug|Any CPU
		{442D2F6E-CD98-4897-AB2F-F473897C6BAD}.Release|Any CPU.Deploy.0 = Release|Any CPU
		{442D2F6E-CD98-4897-AB2F-F473897C6BAD}.Release|Mixed Platforms.Deploy.0 = Release|Any CPU
	EndGlobalSection
	GlobalSection(NestedProjects) = preSolution
	EndGlobalSection
	GlobalSection(MonoDevelopProperties) = preSolution
		StartupItem = HelloWorldApp.MonoMac\HelloWorldApp.MonoMac.csproj
	EndGlobalSection
	GlobalSection(TestCaseManagementSettings) = postSolution
		CategoryFile = SharpSerializer.vsmdi
	EndGlobalSection
	GlobalSection(SolutionProperties) = preSolution
		HideSolutionNode = FALSE
	EndGlobalSection
EndGlobal
