
Microsoft Visual Studio Solution File, Format Version 11.00
# Visual Studio 2010
Project("{2150E333-8FDC-42A3-9474-1A3956D46DE8}") = "Solution Items", "Solution Items", "{FA9C9770-1F72-4C3D-925E-60DFC8599ABD}"
	ProjectSection(SolutionItems) = preProject
		LocalTestRun.testrunconfig = LocalTestRun.testrunconfig
	EndProjectSection
EndProject
Project("{FAE04EC0-301F-11D3-BF4B-00C04F79EFBC}") = "SharpSerializer.Library", "SharpSerializer.Library\SharpSerializer.Library.csproj", "{88AB738F-7A36-4C93-B808-B6CE2D3444B2}"
EndProject
Project("{FAE04EC0-301F-11D3-BF4B-00C04F79EFBC}") = "HelloWorldApp", "HelloWorldApp\HelloWorldApp.csproj", "{37FC6487-5704-40E3-BCE0-EDB8A2062BCB}"
EndProject
Project("{FAE04EC0-301F-11D3-BF4B-00C04F79EFBC}") = "SharpSerializer.Library.Silverlight", "SharpSerializer.Library.Silverlight\SharpSerializer.Library.Silverlight.csproj", "{4096DECB-F198-492A-AFC2-51671C802277}"
EndProject
Project("{FAE04EC0-301F-11D3-BF4B-00C04F79EFBC}") = "SharpSerializer.Library.Compact", "SharpSerializer.Library.Compact\SharpSerializer.Library.Compact.csproj", "{119631D5-DC25-49DE-B50E-6A48C24A5AB0}"
EndProject
Project("{FAE04EC0-301F-11D3-BF4B-00C04F79EFBC}") = "SharpSerializer.Tests", "SharpSerializer.Tests\SharpSerializer.Tests.csproj", "{6D44C26F-76A3-48F0-A29A-406603B72695}"
EndProject
Project("{FAE04EC0-301F-11D3-BF4B-00C04F79EFBC}") = "SharpSerializer.Library.MonoForAndroid", "SharpSerializer.Library.MonoForAndroid\SharpSerializer.Library.MonoForAndroid.csproj", "{EBDFA7C3-91C0-4580-9AD4-4F509066E038}"
EndProject
Project("{FAE04EC0-301F-11D3-BF4B-00C04F79EFBC}") = "HelloWorldApp.MonoForAndroid", "HelloWorldApp.MonoForAndroid\HelloWorldApp.MonoForAndroid.csproj", "{4A5A3F82-7A22-4E07-A718-1A96142CF46D}"
EndProject
Project("{FAE04EC0-301F-11D3-BF4B-00C04F79EFBC}") = "SharpSerializer.Library.WindowsPhone71", "SharpSerializer.Library.WindowsPhone71\SharpSerializer.Library.WindowsPhone71.csproj", "{D7A8D2A5-7A3E-4CDC-A30E-74CD676ADF07}"
EndProject
Project("{FAE04EC0-301F-11D3-BF4B-00C04F79EFBC}") = "SharpSerializer.Documentation", "SharpSerializer.Documentation\SharpSerializer.Documentation.csproj", "{8FAA29AE-7554-4093-878B-87B5DBC24F42}"
EndProject
Project("{FAE04EC0-301F-11D3-BF4B-00C04F79EFBC}") = "SharpSerializer.Library.MonoTouch", "SharpSerializer.Library.MonoTouch\SharpSerializer.Library.MonoTouch.csproj", "{A5FD15FE-E8B3-45FF-85FE-599B56E1CAF0}"
EndProject
Project("{FAE04EC0-301F-11D3-BF4B-00C04F79EFBC}") = "HelloWorldApp.Console", "HelloWorldApp.Console\HelloWorldApp.Console.csproj", "{9A2D1ED4-E8CE-4E39-ADDB-7CC50CFC3E2E}"
EndProject
Project("{FAE04EC0-301F-11D3-BF4B-00C04F79EFBC}") = "HelloWorldApp.Console.BugXmlSerializationInMono", "HelloWorldApp.Console.BugXmlSerializationInMono\HelloWorldApp.Console.BugXmlSerializationInMono.csproj", "{F4A5CCB4-E83F-438D-94D9-6B04B9D7F803}"
EndProject
Project("{FAE04EC0-301F-11D3-BF4B-00C04F79EFBC}") = "ConsoleApplication.SerializationPerformanceTests", "ConsoleApplication.SerializationPerformanceTests\ConsoleApplication.SerializationPerformanceTests.csproj", "{FA198018-E13D-4747-84B7-18C47B726D5F}"
EndProject
Project("{FAE04EC0-301F-11D3-BF4B-00C04F79EFBC}") = "XamarinComponentStore.SharpSerializer.Component", "XamarinComponentStore.SharpSerializer.Component\XamarinComponentStore.SharpSerializer.Component.csproj", "{0B74B492-F37C-416A-82BF-156F25B7BC08}"
EndProject
Project("{2150E333-8FDC-42A3-9474-1A3956D46DE8}") = "XamarinComponentStore.SharpSerializer.Component.Samples", "XamarinComponentStore.SharpSerializer.Component.Samples", "{BBCBEC64-EB8E-403B-845F-74E4FFC25250}"
EndProject
Project("{FAE04EC0-301F-11D3-BF4B-00C04F79EFBC}") = "SharpSerializer.Android", "XamarinComponentStore.SharpSerializer.Component\content\samples\SharpSerializer.Android\SharpSerializer.Android.csproj", "{6D115418-5AF7-4181-B4CB-3841FF0F60B7}"
EndProject
Project("{FAE04EC0-301F-11D3-BF4B-00C04F79EFBC}") = "SharpSerializer.iOS", "XamarinComponentStore.SharpSerializer.Component\content\samples\SharpSerializer.iOS\SharpSerializer.iOS.csproj", "{9D959723-3619-4EB5-9404-3A10E2957487}"
EndProject
Project("{FAE04EC0-301F-11D3-BF4B-00C04F79EFBC}") = "HelloWorldApp.MonoTouch", "HelloWorldApp.MonoTouch\HelloWorldApp.MonoTouch.csproj", "{B91E9ABB-AEED-4F38-B13C-EA2CB473C4A0}"
EndProject
Project("{FAE04EC0-301F-11D3-BF4B-00C04F79EFBC}") = "HelloWorldApp.MonoMac", "HelloWorldApp.MonoMac\HelloWorldApp.MonoMac.csproj", "{8FD8E072-37C6-4E45-9086-3CA4EF614378}"
EndProject
Project("{FAE04EC0-301F-11D3-BF4B-00C04F79EFBC}") = "HelloWorldApp.WindowsPhone71", "HelloWorldApp.WindowsPhone71\HelloWorldApp.WindowsPhone71.csproj", "{442D2F6E-CD98-4897-AB2F-F473897C6BAD}"
EndProject
Global
	GlobalSection(SolutionConfigurationPlatforms) = preSolution
		Ad-Hoc|Any CPU = Ad-Hoc|Any CPU
		Ad-Hoc|iPhone = Ad-Hoc|iPhone
		Ad-Hoc|iPhoneSimulator = Ad-Hoc|iPhoneSimulator
		Ad-Hoc|Mixed Platforms = Ad-Hoc|Mixed Platforms
		Ad-Hoc|x86 = Ad-Hoc|x86
		AppStore|Any CPU = AppStore|Any CPU
		AppStore|iPhone = AppStore|iPhone
		AppStore|iPhoneSimulator = AppStore|iPhoneSimulator
		AppStore|Mixed Platforms = AppStore|Mixed Platforms
		AppStore|x86 = AppStore|x86
		Debug|Any CPU = Debug|Any CPU
		Debug|iPhone = Debug|iPhone
		Debug|iPhoneSimulator = Debug|iPhoneSimulator
		Debug|Mixed Platforms = Debug|Mixed Platforms
		Debug|x86 = Debug|x86
		Release|Any CPU = Release|Any CPU
		Release|iPhone = Release|iPhone
		Release|iPhoneSimulator = Release|iPhoneSimulator
		Release|Mixed Platforms = Release|Mixed Platforms
		Release|x86 = Release|x86
	EndGlobalSection
	GlobalSection(ProjectConfigurationPlatforms) = postSolution
		{0B74B492-F37C-416A-82BF-156F25B7BC08}.Ad-Hoc|Any CPU.ActiveCfg = Release|x86
		{0B74B492-F37C-416A-82BF-156F25B7BC08}.Ad-Hoc|iPhone.ActiveCfg = Release|x86
		{0B74B492-F37C-416A-82BF-156F25B7BC08}.Ad-Hoc|iPhoneSimulator.ActiveCfg = Release|x86
		{0B74B492-F37C-416A-82BF-156F25B7BC08}.Ad-Hoc|Mixed Platforms.ActiveCfg = Release|x86
		{0B74B492-F37C-416A-82BF-156F25B7BC08}.Ad-Hoc|Mixed Platforms.Build.0 = Release|x86
		{0B74B492-F37C-416A-82BF-156F25B7BC08}.Ad-Hoc|x86.ActiveCfg = Release|x86
		{0B74B492-F37C-416A-82BF-156F25B7BC08}.Ad-Hoc|x86.Build.0 = Release|x86
		{0B74B492-F37C-416A-82BF-156F25B7BC08}.AppStore|Any CPU.ActiveCfg = Release|x86
		{0B74B492-F37C-416A-82BF-156F25B7BC08}.AppStore|iPhone.ActiveCfg = Release|x86
		{0B74B492-F37C-416A-82BF-156F25B7BC08}.AppStore|iPhoneSimulator.ActiveCfg = Release|x86
		{0B74B492-F37C-416A-82BF-156F25B7BC08}.AppStore|Mixed Platforms.ActiveCfg = Release|x86
		{0B74B492-F37C-416A-82BF-156F25B7BC08}.AppStore|Mixed Platforms.Build.0 = Release|x86
		{0B74B492-F37C-416A-82BF-156F25B7BC08}.AppStore|x86.ActiveCfg = Release|x86
		{0B74B492-F37C-416A-82BF-156F25B7BC08}.AppStore|x86.Build.0 = Release|x86
		{0B74B492-F37C-416A-82BF-156F25B7BC08}.Debug|Any CPU.ActiveCfg = Debug|x86
		{0B74B492-F37C-416A-82BF-156F25B7BC08}.Debug|iPhone.ActiveCfg = Debug|x86
		{0B74B492-F37C-416A-82BF-156F25B7BC08}.Debug|iPhoneSimulator.ActiveCfg = Debug|x86
		{0B74B492-F37C-416A-82BF-156F25B7BC08}.Debug|Mixed Platforms.ActiveCfg = Debug|x86
		{0B74B492-F37C-416A-82BF-156F25B7BC08}.Debug|Mixed Platforms.Build.0 = Debug|x86
		{0B74B492-F37C-416A-82BF-156F25B7BC08}.Debug|x86.ActiveCfg = Debug|x86
		{0B74B492-F37C-416A-82BF-156F25B7BC08}.Debug|x86.Build.0 = Debug|x86
		{0B74B492-F37C-416A-82BF-156F25B7BC08}.Release|Any CPU.ActiveCfg = Release|x86
		{0B74B492-F37C-416A-82BF-156F25B7BC08}.Release|iPhone.ActiveCfg = Release|x86
		{0B74B492-F37C-416A-82BF-156F25B7BC08}.Release|iPhoneSimulator.ActiveCfg = Release|x86
		{0B74B492-F37C-416A-82BF-156F25B7BC08}.Release|Mixed Platforms.ActiveCfg = Release|x86
		{0B74B492-F37C-416A-82BF-156F25B7BC08}.Release|Mixed Platforms.Build.0 = Release|x86
		{0B74B492-F37C-416A-82BF-156F25B7BC08}.Release|x86.ActiveCfg = Release|x86
		{0B74B492-F37C-416A-82BF-156F25B7BC08}.Release|x86.Build.0 = Release|x86
		{119631D5-DC25-49DE-B50E-6A48C24A5AB0}.Ad-Hoc|Any CPU.ActiveCfg = Release|Any CPU
		{119631D5-DC25-49DE-B50E-6A48C24A5AB0}.Ad-Hoc|iPhone.ActiveCfg = Release|Any CPU
		{119631D5-DC25-49DE-B50E-6A48C24A5AB0}.Ad-Hoc|iPhoneSimulator.ActiveCfg = Release|Any CPU
		{119631D5-DC25-49DE-B50E-6A48C24A5AB0}.Ad-Hoc|Mixed Platforms.ActiveCfg = Release|Any CPU
		{119631D5-DC25-49DE-B50E-6A48C24A5AB0}.Ad-Hoc|Mixed Platforms.Build.0 = Release|Any CPU
		{119631D5-DC25-49DE-B50E-6A48C24A5AB0}.Ad-Hoc|x86.ActiveCfg = Release|Any CPU
		{119631D5-DC25-49DE-B50E-6A48C24A5AB0}.AppStore|Any CPU.ActiveCfg = Release|Any CPU
		{119631D5-DC25-49DE-B50E-6A48C24A5AB0}.AppStore|iPhone.ActiveCfg = Release|Any CPU
		{119631D5-DC25-49DE-B50E-6A48C24A5AB0}.AppStore|iPhoneSimulator.ActiveCfg = Release|Any CPU
		{119631D5-DC25-49DE-B50E-6A48C24A5AB0}.AppStore|Mixed Platforms.ActiveCfg = Release|Any CPU
		{119631D5-DC25-49DE-B50E-6A48C24A5AB0}.AppStore|Mixed Platforms.Build.0 = Release|Any CPU
		{119631D5-DC25-49DE-B50E-6A48C24A5AB0}.AppStore|x86.ActiveCfg = Release|Any CPU
		{119631D5-DC25-49DE-B50E-6A48C24A5AB0}.Debug|Any CPU.ActiveCfg = Debug|Any CPU
		{119631D5-DC25-49DE-B50E-6A48C24A5AB0}.Debug|Any CPU.Build.0 = Debug|Any CPU
		{119631D5-DC25-49DE-B50E-6A48C24A5AB0}.Debug|iPhone.ActiveCfg = Debug|Any CPU
		{119631D5-DC25-49DE-B50E-6A48C24A5AB0}.Debug|iPhoneSimulator.ActiveCfg = Debug|Any CPU
		{119631D5-DC25-49DE-B50E-6A48C24A5AB0}.Debug|Mixed Platforms.ActiveCfg = Debug|Any CPU
		{119631D5-DC25-49DE-B50E-6A48C24A5AB0}.Debug|Mixed Platforms.Build.0 = Debug|Any CPU
		{119631D5-DC25-49DE-B50E-6A48C24A5AB0}.Debug|x86.ActiveCfg = Debug|Any CPU
		{119631D5-DC25-49DE-B50E-6A48C24A5AB0}.Release|Any CPU.ActiveCfg = Release|Any CPU
		{119631D5-DC25-49DE-B50E-6A48C24A5AB0}.Release|Any CPU.Build.0 = Release|Any CPU
		{119631D5-DC25-49DE-B50E-6A48C24A5AB0}.Release|iPhone.ActiveCfg = Release|Any CPU
		{119631D5-DC25-49DE-B50E-6A48C24A5AB0}.Release|iPhoneSimulator.ActiveCfg = Release|Any CPU
		{119631D5-DC25-49DE-B50E-6A48C24A5AB0}.Release|Mixed Platforms.ActiveCfg = Release|Any CPU
		{119631D5-DC25-49DE-B50E-6A48C24A5AB0}.Release|Mixed Platforms.Build.0 = Release|Any CPU
		{119631D5-DC25-49DE-B50E-6A48C24A5AB0}.Release|x86.ActiveCfg = Release|Any CPU
		{37FC6487-5704-40E3-BCE0-EDB8A2062BCB}.Ad-Hoc|Any CPU.ActiveCfg = Release|Any CPU
		{37FC6487-5704-40E3-BCE0-EDB8A2062BCB}.Ad-Hoc|iPhone.ActiveCfg = Debug|Any CPU
		{37FC6487-5704-40E3-BCE0-EDB8A2062BCB}.Ad-Hoc|iPhone.Build.0 = Debug|Any CPU
		{37FC6487-5704-40E3-BCE0-EDB8A2062BCB}.Ad-Hoc|iPhoneSimulator.ActiveCfg = Release|Any CPU
		{37FC6487-5704-40E3-BCE0-EDB8A2062BCB}.Ad-Hoc|Mixed Platforms.ActiveCfg = Release|Any CPU
		{37FC6487-5704-40E3-BCE0-EDB8A2062BCB}.Ad-Hoc|Mixed Platforms.Build.0 = Release|Any CPU
		{37FC6487-5704-40E3-BCE0-EDB8A2062BCB}.Ad-Hoc|x86.ActiveCfg = Release|Any CPU
		{37FC6487-5704-40E3-BCE0-EDB8A2062BCB}.AppStore|Any CPU.ActiveCfg = Release|Any CPU
		{37FC6487-5704-40E3-BCE0-EDB8A2062BCB}.AppStore|iPhone.ActiveCfg = Debug|Any CPU
		{37FC6487-5704-40E3-BCE0-EDB8A2062BCB}.AppStore|iPhone.Build.0 = Debug|Any CPU
		{37FC6487-5704-40E3-BCE0-EDB8A2062BCB}.AppStore|iPhoneSimulator.ActiveCfg = Release|Any CPU
		{37FC6487-5704-40E3-BCE0-EDB8A2062BCB}.AppStore|Mixed Platforms.ActiveCfg = Release|Any CPU
		{37FC6487-5704-40E3-BCE0-EDB8A2062BCB}.AppStore|Mixed Platforms.Build.0 = Release|Any CPU
		{37FC6487-5704-40E3-BCE0-EDB8A2062BCB}.AppStore|x86.ActiveCfg = Release|Any CPU
		{37FC6487-5704-40E3-BCE0-EDB8A2062BCB}.Debug|Any CPU.ActiveCfg = Debug|Any CPU
		{37FC6487-5704-40E3-BCE0-EDB8A2062BCB}.Debug|Any CPU.Build.0 = Debug|Any CPU
		{37FC6487-5704-40E3-BCE0-EDB8A2062BCB}.Debug|iPhone.ActiveCfg = Debug|Any CPU
		{37FC6487-5704-40E3-BCE0-EDB8A2062BCB}.Debug|iPhone.Build.0 = Debug|Any CPU
		{37FC6487-5704-40E3-BCE0-EDB8A2062BCB}.Debug|iPhoneSimulator.ActiveCfg = Debug|Any CPU
		{37FC6487-5704-40E3-BCE0-EDB8A2062BCB}.Debug|iPhoneSimulator.Build.0 = Debug|Any CPU
		{37FC6487-5704-40E3-BCE0-EDB8A2062BCB}.Debug|Mixed Platforms.ActiveCfg = Debug|Any CPU
		{37FC6487-5704-40E3-BCE0-EDB8A2062BCB}.Debug|Mixed Platforms.Build.0 = Debug|Any CPU
		{37FC6487-5704-40E3-BCE0-EDB8A2062BCB}.Debug|x86.ActiveCfg = Debug|Any CPU
		{37FC6487-5704-40E3-BCE0-EDB8A2062BCB}.Release|Any CPU.ActiveCfg = Release|Any CPU
		{37FC6487-5704-40E3-BCE0-EDB8A2062BCB}.Release|Any CPU.Build.0 = Release|Any CPU
		{37FC6487-5704-40E3-BCE0-EDB8A2062BCB}.Release|iPhone.ActiveCfg = Release|Any CPU
		{37FC6487-5704-40E3-BCE0-EDB8A2062BCB}.Release|iPhone.Build.0 = Release|Any CPU
		{37FC6487-5704-40E3-BCE0-EDB8A2062BCB}.Release|iPhoneSimulator.ActiveCfg = Release|Any CPU
		{37FC6487-5704-40E3-BCE0-EDB8A2062BCB}.Release|iPhoneSimulator.Build.0 = Release|Any CPU
		{37FC6487-5704-40E3-BCE0-EDB8A2062BCB}.Release|Mixed Platforms.ActiveCfg = Release|Any CPU
		{37FC6487-5704-40E3-BCE0-EDB8A2062BCB}.Release|Mixed Platforms.Build.0 = Release|Any CPU
		{37FC6487-5704-40E3-BCE0-EDB8A2062BCB}.Release|x86.ActiveCfg = Release|Any CPU
		{4096DECB-F198-492A-AFC2-51671C802277}.Ad-Hoc|Any CPU.ActiveCfg = Release|Any CPU
		{4096DECB-F198-492A-AFC2-51671C802277}.Ad-Hoc|iPhone.ActiveCfg = Release|Any CPU
		{4096DECB-F198-492A-AFC2-51671C802277}.Ad-Hoc|iPhoneSimulator.ActiveCfg = Release|Any CPU
		{4096DECB-F198-492A-AFC2-51671C802277}.Ad-Hoc|Mixed Platforms.ActiveCfg = Release|Any CPU
		{4096DECB-F198-492A-AFC2-51671C802277}.Ad-Hoc|Mixed Platforms.Build.0 = Release|Any CPU
		{4096DECB-F198-492A-AFC2-51671C802277}.Ad-Hoc|x86.ActiveCfg = Release|Any CPU
		{4096DECB-F198-492A-AFC2-51671C802277}.AppStore|Any CPU.ActiveCfg = Release|Any CPU
		{4096DECB-F198-492A-AFC2-51671C802277}.AppStore|iPhone.ActiveCfg = Release|Any CPU
		{4096DECB-F198-492A-AFC2-51671C802277}.AppStore|iPhoneSimulator.ActiveCfg = Release|Any CPU
		{4096DECB-F198-492A-AFC2-51671C802277}.AppStore|Mixed Platforms.ActiveCfg = Release|Any CPU
		{4096DECB-F198-492A-AFC2-51671C802277}.AppStore|Mixed Platforms.Build.0 = Release|Any CPU
		{4096DECB-F198-492A-AFC2-51671C802277}.AppStore|x86.ActiveCfg = Release|Any CPU
		{4096DECB-F198-492A-AFC2-51671C802277}.Debug|Any CPU.ActiveCfg = Debug|Any CPU
		{4096DECB-F198-492A-AFC2-51671C802277}.Debug|Any CPU.Build.0 = Debug|Any CPU
		{4096DECB-F198-492A-AFC2-51671C802277}.Debug|iPhone.ActiveCfg = Debug|Any CPU
		{4096DECB-F198-492A-AFC2-51671C802277}.Debug|iPhoneSimulator.ActiveCfg = Debug|Any CPU
		{4096DECB-F198-492A-AFC2-51671C802277}.Debug|Mixed Platforms.ActiveCfg = Debug|Any CPU
		{4096DECB-F198-492A-AFC2-51671C802277}.Debug|Mixed Platforms.Build.0 = Debug|Any CPU
		{4096DECB-F198-492A-AFC2-51671C802277}.Debug|x86.ActiveCfg = Debug|Any CPU
		{4096DECB-F198-492A-AFC2-51671C802277}.Release|Any CPU.ActiveCfg = Release|Any CPU
		{4096DECB-F198-492A-AFC2-51671C802277}.Release|Any CPU.Build.0 = Release|Any CPU
		{4096DECB-F198-492A-AFC2-51671C802277}.Release|iPhone.ActiveCfg = Release|Any CPU
		{4096DECB-F198-492A-AFC2-51671C802277}.Release|iPhoneSimulator.ActiveCfg = Release|Any CPU
		{4096DECB-F198-492A-AFC2-51671C802277}.Release|Mixed Platforms.ActiveCfg = Release|Any CPU
		{4096DECB-F198-492A-AFC2-51671C802277}.Release|Mixed Platforms.Build.0 = Release|Any CPU
		{4096DECB-F198-492A-AFC2-51671C802277}.Release|x86.ActiveCfg = Release|Any CPU
		{442D2F6E-CD98-4897-AB2F-F473897C6BAD}.Ad-Hoc|Any CPU.ActiveCfg = Release|Any CPU
		{442D2F6E-CD98-4897-AB2F-F473897C6BAD}.Ad-Hoc|Any CPU.Build.0 = Release|Any CPU
		{442D2F6E-CD98-4897-AB2F-F473897C6BAD}.Ad-Hoc|Any CPU.Deploy.0 = Release|Any CPU
		{442D2F6E-CD98-4897-AB2F-F473897C6BAD}.Ad-Hoc|iPhone.ActiveCfg = Release|Any CPU
		{442D2F6E-CD98-4897-AB2F-F473897C6BAD}.Ad-Hoc|iPhoneSimulator.ActiveCfg = Release|Any CPU
		{442D2F6E-CD98-4897-AB2F-F473897C6BAD}.Ad-Hoc|Mixed Platforms.ActiveCfg = Release|Any CPU
		{442D2F6E-CD98-4897-AB2F-F473897C6BAD}.Ad-Hoc|Mixed Platforms.Build.0 = Release|Any CPU
		{442D2F6E-CD98-4897-AB2F-F473897C6BAD}.Ad-Hoc|Mixed Platforms.Deploy.0 = Release|Any CPU
		{442D2F6E-CD98-4897-AB2F-F473897C6BAD}.Ad-Hoc|x86.ActiveCfg = Release|Any CPU
		{442D2F6E-CD98-4897-AB2F-F473897C6BAD}.AppStore|Any CPU.ActiveCfg = Release|Any CPU
		{442D2F6E-CD98-4897-AB2F-F473897C6BAD}.AppStore|Any CPU.Build.0 = Release|Any CPU
		{442D2F6E-CD98-4897-AB2F-F473897C6BAD}.AppStore|Any CPU.Deploy.0 = Release|Any CPU
		{442D2F6E-CD98-4897-AB2F-F473897C6BAD}.AppStore|iPhone.ActiveCfg = Release|Any CPU
		{442D2F6E-CD98-4897-AB2F-F473897C6BAD}.AppStore|iPhoneSimulator.ActiveCfg = Release|Any CPU
		{442D2F6E-CD98-4897-AB2F-F473897C6BAD}.AppStore|Mixed Platforms.ActiveCfg = Release|Any CPU
		{442D2F6E-CD98-4897-AB2F-F473897C6BAD}.AppStore|Mixed Platforms.Build.0 = Release|Any CPU
		{442D2F6E-CD98-4897-AB2F-F473897C6BAD}.AppStore|Mixed Platforms.Deploy.0 = Release|Any CPU
		{442D2F6E-CD98-4897-AB2F-F473897C6BAD}.AppStore|x86.ActiveCfg = Release|Any CPU
		{442D2F6E-CD98-4897-AB2F-F473897C6BAD}.Debug|Any CPU.ActiveCfg = Debug|Any CPU
		{442D2F6E-CD98-4897-AB2F-F473897C6BAD}.Debug|Any CPU.Build.0 = Debug|Any CPU
		{442D2F6E-CD98-4897-AB2F-F473897C6BAD}.Debug|Any CPU.Deploy.0 = Debug|Any CPU
		{442D2F6E-CD98-4897-AB2F-F473897C6BAD}.Debug|iPhone.ActiveCfg = Debug|Any CPU
		{442D2F6E-CD98-4897-AB2F-F473897C6BAD}.Debug|iPhoneSimulator.ActiveCfg = Debug|Any CPU
		{442D2F6E-CD98-4897-AB2F-F473897C6BAD}.Debug|Mixed Platforms.ActiveCfg = Debug|Any CPU
		{442D2F6E-CD98-4897-AB2F-F473897C6BAD}.Debug|Mixed Platforms.Build.0 = Debug|Any CPU
		{442D2F6E-CD98-4897-AB2F-F473897C6BAD}.Debug|Mixed Platforms.Deploy.0 = Debug|Any CPU
		{442D2F6E-CD98-4897-AB2F-F473897C6BAD}.Debug|x86.ActiveCfg = Debug|Any CPU
		{442D2F6E-CD98-4897-AB2F-F473897C6BAD}.Release|Any CPU.ActiveCfg = Release|Any CPU
		{442D2F6E-CD98-4897-AB2F-F473897C6BAD}.Release|Any CPU.Build.0 = Release|Any CPU
		{442D2F6E-CD98-4897-AB2F-F473897C6BAD}.Release|Any CPU.Deploy.0 = Release|Any CPU
		{442D2F6E-CD98-4897-AB2F-F473897C6BAD}.Release|iPhone.ActiveCfg = Release|Any CPU
		{442D2F6E-CD98-4897-AB2F-F473897C6BAD}.Release|iPhoneSimulator.ActiveCfg = Release|Any CPU
		{442D2F6E-CD98-4897-AB2F-F473897C6BAD}.Release|Mixed Platforms.ActiveCfg = Release|Any CPU
		{442D2F6E-CD98-4897-AB2F-F473897C6BAD}.Release|Mixed Platforms.Build.0 = Release|Any CPU
		{442D2F6E-CD98-4897-AB2F-F473897C6BAD}.Release|Mixed Platforms.Deploy.0 = Release|Any CPU
		{442D2F6E-CD98-4897-AB2F-F473897C6BAD}.Release|x86.ActiveCfg = Release|Any CPU
		{4A5A3F82-7A22-4E07-A718-1A96142CF46D}.Ad-Hoc|Any CPU.ActiveCfg = Release|Any CPU
		{4A5A3F82-7A22-4E07-A718-1A96142CF46D}.Ad-Hoc|iPhone.ActiveCfg = Debug|Any CPU
		{4A5A3F82-7A22-4E07-A718-1A96142CF46D}.Ad-Hoc|iPhone.Build.0 = Debug|Any CPU
		{4A5A3F82-7A22-4E07-A718-1A96142CF46D}.Ad-Hoc|iPhoneSimulator.ActiveCfg = Release|Any CPU
		{4A5A3F82-7A22-4E07-A718-1A96142CF46D}.Ad-Hoc|Mixed Platforms.ActiveCfg = Release|Any CPU
		{4A5A3F82-7A22-4E07-A718-1A96142CF46D}.Ad-Hoc|Mixed Platforms.Build.0 = Release|Any CPU
		{4A5A3F82-7A22-4E07-A718-1A96142CF46D}.Ad-Hoc|Mixed Platforms.Deploy.0 = Release|Any CPU
		{4A5A3F82-7A22-4E07-A718-1A96142CF46D}.Ad-Hoc|x86.ActiveCfg = Release|Any CPU
		{4A5A3F82-7A22-4E07-A718-1A96142CF46D}.AppStore|Any CPU.ActiveCfg = Release|Any CPU
		{4A5A3F82-7A22-4E07-A718-1A96142CF46D}.AppStore|iPhone.ActiveCfg = Debug|Any CPU
		{4A5A3F82-7A22-4E07-A718-1A96142CF46D}.AppStore|iPhone.Build.0 = Debug|Any CPU
		{4A5A3F82-7A22-4E07-A718-1A96142CF46D}.AppStore|iPhoneSimulator.ActiveCfg = Release|Any CPU
		{4A5A3F82-7A22-4E07-A718-1A96142CF46D}.AppStore|Mixed Platforms.ActiveCfg = Release|Any CPU
		{4A5A3F82-7A22-4E07-A718-1A96142CF46D}.AppStore|Mixed Platforms.Build.0 = Release|Any CPU
		{4A5A3F82-7A22-4E07-A718-1A96142CF46D}.AppStore|Mixed Platforms.Deploy.0 = Release|Any CPU
		{4A5A3F82-7A22-4E07-A718-1A96142CF46D}.AppStore|x86.ActiveCfg = Release|Any CPU
		{4A5A3F82-7A22-4E07-A718-1A96142CF46D}.Debug|Any CPU.ActiveCfg = Debug|Any CPU
		{4A5A3F82-7A22-4E07-A718-1A96142CF46D}.Debug|Any CPU.Build.0 = Debug|Any CPU
		{4A5A3F82-7A22-4E07-A718-1A96142CF46D}.Debug|Any CPU.Deploy.0 = Debug|Any CPU
		{4A5A3F82-7A22-4E07-A718-1A96142CF46D}.Debug|iPhone.ActiveCfg = Debug|Any CPU
		{4A5A3F82-7A22-4E07-A718-1A96142CF46D}.Debug|iPhone.Build.0 = Debug|Any CPU
		{4A5A3F82-7A22-4E07-A718-1A96142CF46D}.Debug|iPhoneSimulator.ActiveCfg = Debug|Any CPU
		{4A5A3F82-7A22-4E07-A718-1A96142CF46D}.Debug|iPhoneSimulator.Build.0 = Debug|Any CPU
		{4A5A3F82-7A22-4E07-A718-1A96142CF46D}.Debug|Mixed Platforms.ActiveCfg = Debug|Any CPU
		{4A5A3F82-7A22-4E07-A718-1A96142CF46D}.Debug|Mixed Platforms.Build.0 = Debug|Any CPU
		{4A5A3F82-7A22-4E07-A718-1A96142CF46D}.Debug|Mixed Platforms.Deploy.0 = Debug|Any CPU
		{4A5A3F82-7A22-4E07-A718-1A96142CF46D}.Debug|x86.ActiveCfg = Debug|Any CPU
		{4A5A3F82-7A22-4E07-A718-1A96142CF46D}.Release|Any CPU.ActiveCfg = Release|Any CPU
		{4A5A3F82-7A22-4E07-A718-1A96142CF46D}.Release|Any CPU.Build.0 = Release|Any CPU
		{4A5A3F82-7A22-4E07-A718-1A96142CF46D}.Release|Any CPU.Deploy.0 = Release|Any CPU
		{4A5A3F82-7A22-4E07-A718-1A96142CF46D}.Release|iPhone.ActiveCfg = Release|Any CPU
		{4A5A3F82-7A22-4E07-A718-1A96142CF46D}.Release|iPhone.Build.0 = Release|Any CPU
		{4A5A3F82-7A22-4E07-A718-1A96142CF46D}.Release|iPhoneSimulator.ActiveCfg = Release|Any CPU
		{4A5A3F82-7A22-4E07-A718-1A96142CF46D}.Release|iPhoneSimulator.Build.0 = Release|Any CPU
		{4A5A3F82-7A22-4E07-A718-1A96142CF46D}.Release|Mixed Platforms.ActiveCfg = Release|Any CPU
		{4A5A3F82-7A22-4E07-A718-1A96142CF46D}.Release|Mixed Platforms.Build.0 = Release|Any CPU
		{4A5A3F82-7A22-4E07-A718-1A96142CF46D}.Release|Mixed Platforms.Deploy.0 = Release|Any CPU
		{4A5A3F82-7A22-4E07-A718-1A96142CF46D}.Release|x86.ActiveCfg = Release|Any CPU
		{6D115418-5AF7-4181-B4CB-3841FF0F60B7}.Ad-Hoc|Any CPU.ActiveCfg = Release|Any CPU
		{6D115418-5AF7-4181-B4CB-3841FF0F60B7}.Ad-Hoc|Any CPU.Build.0 = Release|Any CPU
		{6D115418-5AF7-4181-B4CB-3841FF0F60B7}.Ad-Hoc|Any CPU.Deploy.0 = Release|Any CPU
		{6D115418-5AF7-4181-B4CB-3841FF0F60B7}.Ad-Hoc|iPhone.ActiveCfg = Release|Any CPU
		{6D115418-5AF7-4181-B4CB-3841FF0F60B7}.Ad-Hoc|iPhoneSimulator.ActiveCfg = Release|Any CPU
		{6D115418-5AF7-4181-B4CB-3841FF0F60B7}.Ad-Hoc|Mixed Platforms.ActiveCfg = Release|Any CPU
		{6D115418-5AF7-4181-B4CB-3841FF0F60B7}.Ad-Hoc|Mixed Platforms.Build.0 = Release|Any CPU
		{6D115418-5AF7-4181-B4CB-3841FF0F60B7}.Ad-Hoc|Mixed Platforms.Deploy.0 = Release|Any CPU
		{6D115418-5AF7-4181-B4CB-3841FF0F60B7}.Ad-Hoc|x86.ActiveCfg = Release|Any CPU
		{6D115418-5AF7-4181-B4CB-3841FF0F60B7}.AppStore|Any CPU.ActiveCfg = Release|Any CPU
		{6D115418-5AF7-4181-B4CB-3841FF0F60B7}.AppStore|Any CPU.Build.0 = Release|Any CPU
		{6D115418-5AF7-4181-B4CB-3841FF0F60B7}.AppStore|Any CPU.Deploy.0 = Release|Any CPU
		{6D115418-5AF7-4181-B4CB-3841FF0F60B7}.AppStore|iPhone.ActiveCfg = Release|Any CPU
		{6D115418-5AF7-4181-B4CB-3841FF0F60B7}.AppStore|iPhoneSimulator.ActiveCfg = Release|Any CPU
		{6D115418-5AF7-4181-B4CB-3841FF0F60B7}.AppStore|Mixed Platforms.ActiveCfg = Release|Any CPU
		{6D115418-5AF7-4181-B4CB-3841FF0F60B7}.AppStore|Mixed Platforms.Build.0 = Release|Any CPU
		{6D115418-5AF7-4181-B4CB-3841FF0F60B7}.AppStore|Mixed Platforms.Deploy.0 = Release|Any CPU
		{6D115418-5AF7-4181-B4CB-3841FF0F60B7}.AppStore|x86.ActiveCfg = Release|Any CPU
		{6D115418-5AF7-4181-B4CB-3841FF0F60B7}.Debug|Any CPU.ActiveCfg = Debug|Any CPU
		{6D115418-5AF7-4181-B4CB-3841FF0F60B7}.Debug|Any CPU.Build.0 = Debug|Any CPU
		{6D115418-5AF7-4181-B4CB-3841FF0F60B7}.Debug|Any CPU.Deploy.0 = Debug|Any CPU
		{6D115418-5AF7-4181-B4CB-3841FF0F60B7}.Debug|iPhone.ActiveCfg = Debug|Any CPU
		{6D115418-5AF7-4181-B4CB-3841FF0F60B7}.Debug|iPhoneSimulator.ActiveCfg = Debug|Any CPU
		{6D115418-5AF7-4181-B4CB-3841FF0F60B7}.Debug|Mixed Platforms.ActiveCfg = Debug|Any CPU
		{6D115418-5AF7-4181-B4CB-3841FF0F60B7}.Debug|Mixed Platforms.Build.0 = Debug|Any CPU
		{6D115418-5AF7-4181-B4CB-3841FF0F60B7}.Debug|Mixed Platforms.Deploy.0 = Debug|Any CPU
		{6D115418-5AF7-4181-B4CB-3841FF0F60B7}.Debug|x86.ActiveCfg = Debug|Any CPU
		{6D115418-5AF7-4181-B4CB-3841FF0F60B7}.Release|Any CPU.ActiveCfg = Release|Any CPU
		{6D115418-5AF7-4181-B4CB-3841FF0F60B7}.Release|Any CPU.Build.0 = Release|Any CPU
		{6D115418-5AF7-4181-B4CB-3841FF0F60B7}.Release|Any CPU.Deploy.0 = Release|Any CPU
		{6D115418-5AF7-4181-B4CB-3841FF0F60B7}.Release|iPhone.ActiveCfg = Release|Any CPU
		{6D115418-5AF7-4181-B4CB-3841FF0F60B7}.Release|iPhoneSimulator.ActiveCfg = Release|Any CPU
		{6D115418-5AF7-4181-B4CB-3841FF0F60B7}.Release|Mixed Platforms.ActiveCfg = Release|Any CPU
		{6D115418-5AF7-4181-B4CB-3841FF0F60B7}.Release|Mixed Platforms.Build.0 = Release|Any CPU
		{6D115418-5AF7-4181-B4CB-3841FF0F60B7}.Release|Mixed Platforms.Deploy.0 = Release|Any CPU
		{6D115418-5AF7-4181-B4CB-3841FF0F60B7}.Release|x86.ActiveCfg = Release|Any CPU
		{6D44C26F-76A3-48F0-A29A-406603B72695}.Ad-Hoc|Any CPU.ActiveCfg = Release|Any CPU
		{6D44C26F-76A3-48F0-A29A-406603B72695}.Ad-Hoc|iPhone.ActiveCfg = Release|Any CPU
		{6D44C26F-76A3-48F0-A29A-406603B72695}.Ad-Hoc|iPhoneSimulator.ActiveCfg = Release|Any CPU
		{6D44C26F-76A3-48F0-A29A-406603B72695}.Ad-Hoc|Mixed Platforms.ActiveCfg = Release|Any CPU
		{6D44C26F-76A3-48F0-A29A-406603B72695}.Ad-Hoc|Mixed Platforms.Build.0 = Release|Any CPU
		{6D44C26F-76A3-48F0-A29A-406603B72695}.Ad-Hoc|x86.ActiveCfg = Release|Any CPU
		{6D44C26F-76A3-48F0-A29A-406603B72695}.AppStore|Any CPU.ActiveCfg = Release|Any CPU
		{6D44C26F-76A3-48F0-A29A-406603B72695}.AppStore|iPhone.ActiveCfg = Release|Any CPU
		{6D44C26F-76A3-48F0-A29A-406603B72695}.AppStore|iPhoneSimulator.ActiveCfg = Release|Any CPU
		{6D44C26F-76A3-48F0-A29A-406603B72695}.AppStore|Mixed Platforms.ActiveCfg = Release|Any CPU
		{6D44C26F-76A3-48F0-A29A-406603B72695}.AppStore|Mixed Platforms.Build.0 = Release|Any CPU
		{6D44C26F-76A3-48F0-A29A-406603B72695}.AppStore|x86.ActiveCfg = Release|Any CPU
		{6D44C26F-76A3-48F0-A29A-406603B72695}.Debug|Any CPU.ActiveCfg = Debug|Any CPU
		{6D44C26F-76A3-48F0-A29A-406603B72695}.Debug|Any CPU.Build.0 = Debug|Any CPU
		{6D44C26F-76A3-48F0-A29A-406603B72695}.Debug|iPhone.ActiveCfg = Debug|Any CPU
		{6D44C26F-76A3-48F0-A29A-406603B72695}.Debug|iPhoneSimulator.ActiveCfg = Debug|Any CPU
		{6D44C26F-76A3-48F0-A29A-406603B72695}.Debug|Mixed Platforms.ActiveCfg = Debug|Any CPU
		{6D44C26F-76A3-48F0-A29A-406603B72695}.Debug|Mixed Platforms.Build.0 = Debug|Any CPU
		{6D44C26F-76A3-48F0-A29A-406603B72695}.Debug|x86.ActiveCfg = Debug|Any CPU
		{6D44C26F-76A3-48F0-A29A-406603B72695}.Release|Any CPU.ActiveCfg = Release|Any CPU
		{6D44C26F-76A3-48F0-A29A-406603B72695}.Release|Any CPU.Build.0 = Release|Any CPU
		{6D44C26F-76A3-48F0-A29A-406603B72695}.Release|iPhone.ActiveCfg = Release|Any CPU
		{6D44C26F-76A3-48F0-A29A-406603B72695}.Release|iPhoneSimulator.ActiveCfg = Release|Any CPU
		{6D44C26F-76A3-48F0-A29A-406603B72695}.Release|Mixed Platforms.ActiveCfg = Release|Any CPU
		{6D44C26F-76A3-48F0-A29A-406603B72695}.Release|Mixed Platforms.Build.0 = Release|Any CPU
		{6D44C26F-76A3-48F0-A29A-406603B72695}.Release|x86.ActiveCfg = Release|Any CPU
		{88AB738F-7A36-4C93-B808-B6CE2D3444B2}.Ad-Hoc|Any CPU.ActiveCfg = Release|Any CPU
		{88AB738F-7A36-4C93-B808-B6CE2D3444B2}.Ad-Hoc|iPhone.ActiveCfg = Debug|Any CPU
		{88AB738F-7A36-4C93-B808-B6CE2D3444B2}.Ad-Hoc|iPhone.Build.0 = Debug|Any CPU
		{88AB738F-7A36-4C93-B808-B6CE2D3444B2}.Ad-Hoc|iPhoneSimulator.ActiveCfg = Release|Any CPU
		{88AB738F-7A36-4C93-B808-B6CE2D3444B2}.Ad-Hoc|Mixed Platforms.ActiveCfg = Release|Any CPU
		{88AB738F-7A36-4C93-B808-B6CE2D3444B2}.Ad-Hoc|Mixed Platforms.Build.0 = Release|Any CPU
		{88AB738F-7A36-4C93-B808-B6CE2D3444B2}.Ad-Hoc|x86.ActiveCfg = Release|Any CPU
		{88AB738F-7A36-4C93-B808-B6CE2D3444B2}.AppStore|Any CPU.ActiveCfg = Release|Any CPU
		{88AB738F-7A36-4C93-B808-B6CE2D3444B2}.AppStore|iPhone.ActiveCfg = Debug|Any CPU
		{88AB738F-7A36-4C93-B808-B6CE2D3444B2}.AppStore|iPhone.Build.0 = Debug|Any CPU
		{88AB738F-7A36-4C93-B808-B6CE2D3444B2}.AppStore|iPhoneSimulator.ActiveCfg = Release|Any CPU
		{88AB738F-7A36-4C93-B808-B6CE2D3444B2}.AppStore|Mixed Platforms.ActiveCfg = Release|Any CPU
		{88AB738F-7A36-4C93-B808-B6CE2D3444B2}.AppStore|Mixed Platforms.Build.0 = Release|Any CPU
		{88AB738F-7A36-4C93-B808-B6CE2D3444B2}.AppStore|x86.ActiveCfg = Release|Any CPU
		{88AB738F-7A36-4C93-B808-B6CE2D3444B2}.Debug|Any CPU.ActiveCfg = Debug|Any CPU
		{88AB738F-7A36-4C93-B808-B6CE2D3444B2}.Debug|Any CPU.Build.0 = Debug|Any CPU
		{88AB738F-7A36-4C93-B808-B6CE2D3444B2}.Debug|iPhone.ActiveCfg = Debug|Any CPU
		{88AB738F-7A36-4C93-B808-B6CE2D3444B2}.Debug|iPhone.Build.0 = Debug|Any CPU
		{88AB738F-7A36-4C93-B808-B6CE2D3444B2}.Debug|iPhoneSimulator.ActiveCfg = Debug|Any CPU
		{88AB738F-7A36-4C93-B808-B6CE2D3444B2}.Debug|iPhoneSimulator.Build.0 = Debug|Any CPU
		{88AB738F-7A36-4C93-B808-B6CE2D3444B2}.Debug|Mixed Platforms.ActiveCfg = Debug|Any CPU
		{88AB738F-7A36-4C93-B808-B6CE2D3444B2}.Debug|Mixed Platforms.Build.0 = Debug|Any CPU
		{88AB738F-7A36-4C93-B808-B6CE2D3444B2}.Debug|x86.ActiveCfg = Debug|Any CPU
		{88AB738F-7A36-4C93-B808-B6CE2D3444B2}.Release|Any CPU.ActiveCfg = Release|Any CPU
		{88AB738F-7A36-4C93-B808-B6CE2D3444B2}.Release|Any CPU.Build.0 = Release|Any CPU
		{88AB738F-7A36-4C93-B808-B6CE2D3444B2}.Release|iPhone.ActiveCfg = Release|Any CPU
		{88AB738F-7A36-4C93-B808-B6CE2D3444B2}.Release|iPhone.Build.0 = Release|Any CPU
		{88AB738F-7A36-4C93-B808-B6CE2D3444B2}.Release|iPhoneSimulator.ActiveCfg = Release|Any CPU
		{88AB738F-7A36-4C93-B808-B6CE2D3444B2}.Release|iPhoneSimulator.Build.0 = Release|Any CPU
		{88AB738F-7A36-4C93-B808-B6CE2D3444B2}.Release|Mixed Platforms.ActiveCfg = Release|Any CPU
		{88AB738F-7A36-4C93-B808-B6CE2D3444B2}.Release|Mixed Platforms.Build.0 = Release|Any CPU
		{88AB738F-7A36-4C93-B808-B6CE2D3444B2}.Release|x86.ActiveCfg = Release|Any CPU
		{8FAA29AE-7554-4093-878B-87B5DBC24F42}.Ad-Hoc|Any CPU.ActiveCfg = Release|Any CPU
		{8FAA29AE-7554-4093-878B-87B5DBC24F42}.Ad-Hoc|iPhone.ActiveCfg = Debug|Any CPU
		{8FAA29AE-7554-4093-878B-87B5DBC24F42}.Ad-Hoc|iPhone.Build.0 = Debug|Any CPU
		{8FAA29AE-7554-4093-878B-87B5DBC24F42}.Ad-Hoc|iPhoneSimulator.ActiveCfg = Release|Any CPU
		{8FAA29AE-7554-4093-878B-87B5DBC24F42}.Ad-Hoc|Mixed Platforms.ActiveCfg = Release|Any CPU
		{8FAA29AE-7554-4093-878B-87B5DBC24F42}.Ad-Hoc|Mixed Platforms.Build.0 = Release|Any CPU
		{8FAA29AE-7554-4093-878B-87B5DBC24F42}.Ad-Hoc|x86.ActiveCfg = Release|Any CPU
		{8FAA29AE-7554-4093-878B-87B5DBC24F42}.AppStore|Any CPU.ActiveCfg = Release|Any CPU
		{8FAA29AE-7554-4093-878B-87B5DBC24F42}.AppStore|iPhone.ActiveCfg = Debug|Any CPU
		{8FAA29AE-7554-4093-878B-87B5DBC24F42}.AppStore|iPhone.Build.0 = Debug|Any CPU
		{8FAA29AE-7554-4093-878B-87B5DBC24F42}.AppStore|iPhoneSimulator.ActiveCfg = Release|Any CPU
		{8FAA29AE-7554-4093-878B-87B5DBC24F42}.AppStore|Mixed Platforms.ActiveCfg = Release|Any CPU
		{8FAA29AE-7554-4093-878B-87B5DBC24F42}.AppStore|Mixed Platforms.Build.0 = Release|Any CPU
		{8FAA29AE-7554-4093-878B-87B5DBC24F42}.AppStore|x86.ActiveCfg = Release|Any CPU
		{8FAA29AE-7554-4093-878B-87B5DBC24F42}.Debug|Any CPU.ActiveCfg = Debug|Any CPU
		{8FAA29AE-7554-4093-878B-87B5DBC24F42}.Debug|Any CPU.Build.0 = Debug|Any CPU
		{8FAA29AE-7554-4093-878B-87B5DBC24F42}.Debug|iPhone.ActiveCfg = Debug|Any CPU
		{8FAA29AE-7554-4093-878B-87B5DBC24F42}.Debug|iPhone.Build.0 = Debug|Any CPU
		{8FAA29AE-7554-4093-878B-87B5DBC24F42}.Debug|iPhoneSimulator.ActiveCfg = Debug|Any CPU
		{8FAA29AE-7554-4093-878B-87B5DBC24F42}.Debug|iPhoneSimulator.Build.0 = Debug|Any CPU
		{8FAA29AE-7554-4093-878B-87B5DBC24F42}.Debug|Mixed Platforms.ActiveCfg = Debug|Any CPU
		{8FAA29AE-7554-4093-878B-87B5DBC24F42}.Debug|Mixed Platforms.Build.0 = Debug|Any CPU
		{8FAA29AE-7554-4093-878B-87B5DBC24F42}.Debug|x86.ActiveCfg = Debug|Any CPU
		{8FAA29AE-7554-4093-878B-87B5DBC24F42}.Release|Any CPU.ActiveCfg = Release|Any CPU
		{8FAA29AE-7554-4093-878B-87B5DBC24F42}.Release|Any CPU.Build.0 = Release|Any CPU
		{8FAA29AE-7554-4093-878B-87B5DBC24F42}.Release|iPhone.ActiveCfg = Release|Any CPU
		{8FAA29AE-7554-4093-878B-87B5DBC24F42}.Release|iPhone.Build.0 = Release|Any CPU
		{8FAA29AE-7554-4093-878B-87B5DBC24F42}.Release|iPhoneSimulator.ActiveCfg = Release|Any CPU
		{8FAA29AE-7554-4093-878B-87B5DBC24F42}.Release|iPhoneSimulator.Build.0 = Release|Any CPU
		{8FAA29AE-7554-4093-878B-87B5DBC24F42}.Release|Mixed Platforms.ActiveCfg = Release|Any CPU
		{8FAA29AE-7554-4093-878B-87B5DBC24F42}.Release|Mixed Platforms.Build.0 = Release|Any CPU
		{8FAA29AE-7554-4093-878B-87B5DBC24F42}.Release|x86.ActiveCfg = Release|Any CPU
		{8FD8E072-37C6-4E45-9086-3CA4EF614378}.Ad-Hoc|Any CPU.ActiveCfg = AppStore|Any CPU
		{8FD8E072-37C6-4E45-9086-3CA4EF614378}.Ad-Hoc|Any CPU.Build.0 = AppStore|Any CPU
		{8FD8E072-37C6-4E45-9086-3CA4EF614378}.Ad-Hoc|iPhone.ActiveCfg = AppStore|Any CPU
		{8FD8E072-37C6-4E45-9086-3CA4EF614378}.Ad-Hoc|iPhoneSimulator.ActiveCfg = AppStore|Any CPU
		{8FD8E072-37C6-4E45-9086-3CA4EF614378}.Ad-Hoc|Mixed Platforms.ActiveCfg = AppStore|Any CPU
		{8FD8E072-37C6-4E45-9086-3CA4EF614378}.Ad-Hoc|Mixed Platforms.Build.0 = AppStore|Any CPU
		{8FD8E072-37C6-4E45-9086-3CA4EF614378}.Ad-Hoc|x86.ActiveCfg = AppStore|Any CPU
		{8FD8E072-37C6-4E45-9086-3CA4EF614378}.AppStore|Any CPU.ActiveCfg = AppStore|Any CPU
		{8FD8E072-37C6-4E45-9086-3CA4EF614378}.AppStore|Any CPU.Build.0 = AppStore|Any CPU
		{8FD8E072-37C6-4E45-9086-3CA4EF614378}.AppStore|iPhone.ActiveCfg = AppStore|Any CPU
		{8FD8E072-37C6-4E45-9086-3CA4EF614378}.AppStore|iPhoneSimulator.ActiveCfg = AppStore|Any CPU
		{8FD8E072-37C6-4E45-9086-3CA4EF614378}.AppStore|Mixed Platforms.ActiveCfg = AppStore|Any CPU
		{8FD8E072-37C6-4E45-9086-3CA4EF614378}.AppStore|Mixed Platforms.Build.0 = AppStore|Any CPU
		{8FD8E072-37C6-4E45-9086-3CA4EF614378}.AppStore|x86.ActiveCfg = AppStore|Any CPU
		{8FD8E072-37C6-4E45-9086-3CA4EF614378}.Debug|Any CPU.ActiveCfg = Debug|Any CPU
		{8FD8E072-37C6-4E45-9086-3CA4EF614378}.Debug|Any CPU.Build.0 = Debug|Any CPU
		{8FD8E072-37C6-4E45-9086-3CA4EF614378}.Debug|iPhone.ActiveCfg = Debug|Any CPU
		{8FD8E072-37C6-4E45-9086-3CA4EF614378}.Debug|iPhoneSimulator.ActiveCfg = Debug|Any CPU
		{8FD8E072-37C6-4E45-9086-3CA4EF614378}.Debug|Mixed Platforms.ActiveCfg = Debug|Any CPU
		{8FD8E072-37C6-4E45-9086-3CA4EF614378}.Debug|Mixed Platforms.Build.0 = Debug|Any CPU
		{8FD8E072-37C6-4E45-9086-3CA4EF614378}.Debug|x86.ActiveCfg = Debug|Any CPU
		{8FD8E072-37C6-4E45-9086-3CA4EF614378}.Release|Any CPU.ActiveCfg = Release|Any CPU
		{8FD8E072-37C6-4E45-9086-3CA4EF614378}.Release|Any CPU.Build.0 = Release|Any CPU
		{8FD8E072-37C6-4E45-9086-3CA4EF614378}.Release|iPhone.ActiveCfg = Release|Any CPU
		{8FD8E072-37C6-4E45-9086-3CA4EF614378}.Release|iPhoneSimulator.ActiveCfg = Release|Any CPU
		{8FD8E072-37C6-4E45-9086-3CA4EF614378}.Release|Mixed Platforms.ActiveCfg = Release|Any CPU
		{8FD8E072-37C6-4E45-9086-3CA4EF614378}.Release|Mixed Platforms.Build.0 = Release|Any CPU
		{8FD8E072-37C6-4E45-9086-3CA4EF614378}.Release|x86.ActiveCfg = Release|Any CPU
		{9A2D1ED4-E8CE-4E39-ADDB-7CC50CFC3E2E}.Ad-Hoc|Any CPU.ActiveCfg = Release|x86
		{9A2D1ED4-E8CE-4E39-ADDB-7CC50CFC3E2E}.Ad-Hoc|iPhone.ActiveCfg = Release|x86
		{9A2D1ED4-E8CE-4E39-ADDB-7CC50CFC3E2E}.Ad-Hoc|iPhoneSimulator.ActiveCfg = Release|x86
		{9A2D1ED4-E8CE-4E39-ADDB-7CC50CFC3E2E}.Ad-Hoc|Mixed Platforms.ActiveCfg = Release|x86
		{9A2D1ED4-E8CE-4E39-ADDB-7CC50CFC3E2E}.Ad-Hoc|Mixed Platforms.Build.0 = Release|x86
		{9A2D1ED4-E8CE-4E39-ADDB-7CC50CFC3E2E}.Ad-Hoc|x86.ActiveCfg = Release|x86
		{9A2D1ED4-E8CE-4E39-ADDB-7CC50CFC3E2E}.Ad-Hoc|x86.Build.0 = Release|x86
		{9A2D1ED4-E8CE-4E39-ADDB-7CC50CFC3E2E}.AppStore|Any CPU.ActiveCfg = Release|x86
		{9A2D1ED4-E8CE-4E39-ADDB-7CC50CFC3E2E}.AppStore|iPhone.ActiveCfg = Release|x86
		{9A2D1ED4-E8CE-4E39-ADDB-7CC50CFC3E2E}.AppStore|iPhoneSimulator.ActiveCfg = Release|x86
		{9A2D1ED4-E8CE-4E39-ADDB-7CC50CFC3E2E}.AppStore|Mixed Platforms.ActiveCfg = Release|x86
		{9A2D1ED4-E8CE-4E39-ADDB-7CC50CFC3E2E}.AppStore|Mixed Platforms.Build.0 = Release|x86
		{9A2D1ED4-E8CE-4E39-ADDB-7CC50CFC3E2E}.AppStore|x86.ActiveCfg = Release|x86
		{9A2D1ED4-E8CE-4E39-ADDB-7CC50CFC3E2E}.AppStore|x86.Build.0 = Release|x86
		{9A2D1ED4-E8CE-4E39-ADDB-7CC50CFC3E2E}.Debug|Any CPU.ActiveCfg = Debug|x86
		{9A2D1ED4-E8CE-4E39-ADDB-7CC50CFC3E2E}.Debug|iPhone.ActiveCfg = Debug|x86
		{9A2D1ED4-E8CE-4E39-ADDB-7CC50CFC3E2E}.Debug|iPhoneSimulator.ActiveCfg = Debug|x86
		{9A2D1ED4-E8CE-4E39-ADDB-7CC50CFC3E2E}.Debug|Mixed Platforms.ActiveCfg = Debug|x86
		{9A2D1ED4-E8CE-4E39-ADDB-7CC50CFC3E2E}.Debug|Mixed Platforms.Build.0 = Debug|x86
		{9A2D1ED4-E8CE-4E39-ADDB-7CC50CFC3E2E}.Debug|x86.ActiveCfg = Debug|x86
		{9A2D1ED4-E8CE-4E39-ADDB-7CC50CFC3E2E}.Debug|x86.Build.0 = Debug|x86
		{9A2D1ED4-E8CE-4E39-ADDB-7CC50CFC3E2E}.Release|Any CPU.ActiveCfg = Release|x86
		{9A2D1ED4-E8CE-4E39-ADDB-7CC50CFC3E2E}.Release|iPhone.ActiveCfg = Release|x86
		{9A2D1ED4-E8CE-4E39-ADDB-7CC50CFC3E2E}.Release|iPhoneSimulator.ActiveCfg = Release|x86
		{9A2D1ED4-E8CE-4E39-ADDB-7CC50CFC3E2E}.Release|Mixed Platforms.ActiveCfg = Release|x86
		{9A2D1ED4-E8CE-4E39-ADDB-7CC50CFC3E2E}.Release|Mixed Platforms.Build.0 = Release|x86
		{9A2D1ED4-E8CE-4E39-ADDB-7CC50CFC3E2E}.Release|x86.ActiveCfg = Release|x86
		{9A2D1ED4-E8CE-4E39-ADDB-7CC50CFC3E2E}.Release|x86.Build.0 = Release|x86
		{9D959723-3619-4EB5-9404-3A10E2957487}.Ad-Hoc|Any CPU.ActiveCfg = Ad-Hoc|iPhone
		{9D959723-3619-4EB5-9404-3A10E2957487}.Ad-Hoc|iPhone.ActiveCfg = Ad-Hoc|iPhone
		{9D959723-3619-4EB5-9404-3A10E2957487}.Ad-Hoc|iPhone.Build.0 = Ad-Hoc|iPhone
		{9D959723-3619-4EB5-9404-3A10E2957487}.Ad-Hoc|iPhoneSimulator.ActiveCfg = Ad-Hoc|iPhoneSimulator
		{9D959723-3619-4EB5-9404-3A10E2957487}.Ad-Hoc|iPhoneSimulator.Build.0 = Ad-Hoc|iPhoneSimulator
		{9D959723-3619-4EB5-9404-3A10E2957487}.Ad-Hoc|Mixed Platforms.ActiveCfg = Ad-Hoc|iPhone
		{9D959723-3619-4EB5-9404-3A10E2957487}.Ad-Hoc|Mixed Platforms.Build.0 = Ad-Hoc|iPhone
		{9D959723-3619-4EB5-9404-3A10E2957487}.Ad-Hoc|x86.ActiveCfg = Ad-Hoc|iPhone
		{9D959723-3619-4EB5-9404-3A10E2957487}.AppStore|Any CPU.ActiveCfg = AppStore|iPhone
		{9D959723-3619-4EB5-9404-3A10E2957487}.AppStore|iPhone.ActiveCfg = AppStore|iPhone
		{9D959723-3619-4EB5-9404-3A10E2957487}.AppStore|iPhone.Build.0 = AppStore|iPhone
		{9D959723-3619-4EB5-9404-3A10E2957487}.AppStore|iPhoneSimulator.ActiveCfg = AppStore|iPhoneSimulator
		{9D959723-3619-4EB5-9404-3A10E2957487}.AppStore|iPhoneSimulator.Build.0 = AppStore|iPhoneSimulator
		{9D959723-3619-4EB5-9404-3A10E2957487}.AppStore|Mixed Platforms.ActiveCfg = AppStore|iPhone
		{9D959723-3619-4EB5-9404-3A10E2957487}.AppStore|Mixed Platforms.Build.0 = AppStore|iPhone
		{9D959723-3619-4EB5-9404-3A10E2957487}.AppStore|x86.ActiveCfg = AppStore|iPhone
		{9D959723-3619-4EB5-9404-3A10E2957487}.Debug|Any CPU.ActiveCfg = Debug|iPhone
		{9D959723-3619-4EB5-9404-3A10E2957487}.Debug|iPhone.ActiveCfg = Debug|iPhone
		{9D959723-3619-4EB5-9404-3A10E2957487}.Debug|iPhone.Build.0 = Debug|iPhone
		{9D959723-3619-4EB5-9404-3A10E2957487}.Debug|iPhoneSimulator.ActiveCfg = Debug|iPhoneSimulator
		{9D959723-3619-4EB5-9404-3A10E2957487}.Debug|iPhoneSimulator.Build.0 = Debug|iPhoneSimulator
		{9D959723-3619-4EB5-9404-3A10E2957487}.Debug|Mixed Platforms.ActiveCfg = Debug|iPhone
		{9D959723-3619-4EB5-9404-3A10E2957487}.Debug|Mixed Platforms.Build.0 = Debug|iPhone
		{9D959723-3619-4EB5-9404-3A10E2957487}.Debug|x86.ActiveCfg = Debug|iPhone
		{9D959723-3619-4EB5-9404-3A10E2957487}.Release|Any CPU.ActiveCfg = Release|iPhone
		{9D959723-3619-4EB5-9404-3A10E2957487}.Release|iPhone.ActiveCfg = Release|iPhone
		{9D959723-3619-4EB5-9404-3A10E2957487}.Release|iPhone.Build.0 = Release|iPhone
		{9D959723-3619-4EB5-9404-3A10E2957487}.Release|iPhoneSimulator.ActiveCfg = Release|iPhoneSimulator
		{9D959723-3619-4EB5-9404-3A10E2957487}.Release|iPhoneSimulator.Build.0 = Release|iPhoneSimulator
		{9D959723-3619-4EB5-9404-3A10E2957487}.Release|Mixed Platforms.ActiveCfg = Release|iPhone
		{9D959723-3619-4EB5-9404-3A10E2957487}.Release|Mixed Platforms.Build.0 = Release|iPhone
		{9D959723-3619-4EB5-9404-3A10E2957487}.Release|x86.ActiveCfg = Release|iPhone
		{A5FD15FE-E8B3-45FF-85FE-599B56E1CAF0}.Ad-Hoc|Any CPU.ActiveCfg = Release|Any CPU
		{A5FD15FE-E8B3-45FF-85FE-599B56E1CAF0}.Ad-Hoc|iPhone.ActiveCfg = Debug|Any CPU
		{A5FD15FE-E8B3-45FF-85FE-599B56E1CAF0}.Ad-Hoc|iPhone.Build.0 = Debug|Any CPU
		{A5FD15FE-E8B3-45FF-85FE-599B56E1CAF0}.Ad-Hoc|iPhoneSimulator.ActiveCfg = Release|Any CPU
		{A5FD15FE-E8B3-45FF-85FE-599B56E1CAF0}.Ad-Hoc|Mixed Platforms.ActiveCfg = Release|Any CPU
		{A5FD15FE-E8B3-45FF-85FE-599B56E1CAF0}.Ad-Hoc|Mixed Platforms.Build.0 = Release|Any CPU
		{A5FD15FE-E8B3-45FF-85FE-599B56E1CAF0}.Ad-Hoc|x86.ActiveCfg = Release|Any CPU
		{A5FD15FE-E8B3-45FF-85FE-599B56E1CAF0}.AppStore|Any CPU.ActiveCfg = Release|Any CPU
		{A5FD15FE-E8B3-45FF-85FE-599B56E1CAF0}.AppStore|iPhone.ActiveCfg = Debug|Any CPU
		{A5FD15FE-E8B3-45FF-85FE-599B56E1CAF0}.AppStore|iPhone.Build.0 = Debug|Any CPU
		{A5FD15FE-E8B3-45FF-85FE-599B56E1CAF0}.AppStore|iPhoneSimulator.ActiveCfg = Release|Any CPU
		{A5FD15FE-E8B3-45FF-85FE-599B56E1CAF0}.AppStore|Mixed Platforms.ActiveCfg = Release|Any CPU
		{A5FD15FE-E8B3-45FF-85FE-599B56E1CAF0}.AppStore|Mixed Platforms.Build.0 = Release|Any CPU
		{A5FD15FE-E8B3-45FF-85FE-599B56E1CAF0}.AppStore|x86.ActiveCfg = Release|Any CPU
		{A5FD15FE-E8B3-45FF-85FE-599B56E1CAF0}.Debug|Any CPU.ActiveCfg = Debug|Any CPU
		{A5FD15FE-E8B3-45FF-85FE-599B56E1CAF0}.Debug|Any CPU.Build.0 = Debug|Any CPU
		{A5FD15FE-E8B3-45FF-85FE-599B56E1CAF0}.Debug|iPhone.ActiveCfg = Debug|Any CPU
		{A5FD15FE-E8B3-45FF-85FE-599B56E1CAF0}.Debug|iPhone.Build.0 = Debug|Any CPU
		{A5FD15FE-E8B3-45FF-85FE-599B56E1CAF0}.Debug|iPhoneSimulator.ActiveCfg = Debug|Any CPU
		{A5FD15FE-E8B3-45FF-85FE-599B56E1CAF0}.Debug|iPhoneSimulator.Build.0 = Debug|Any CPU
		{A5FD15FE-E8B3-45FF-85FE-599B56E1CAF0}.Debug|Mixed Platforms.ActiveCfg = Debug|Any CPU
		{A5FD15FE-E8B3-45FF-85FE-599B56E1CAF0}.Debug|Mixed Platforms.Build.0 = Debug|Any CPU
		{A5FD15FE-E8B3-45FF-85FE-599B56E1CAF0}.Debug|x86.ActiveCfg = Debug|Any CPU
		{A5FD15FE-E8B3-45FF-85FE-599B56E1CAF0}.Release|Any CPU.ActiveCfg = Release|Any CPU
		{A5FD15FE-E8B3-45FF-85FE-599B56E1CAF0}.Release|Any CPU.Build.0 = Release|Any CPU
		{A5FD15FE-E8B3-45FF-85FE-599B56E1CAF0}.Release|iPhone.ActiveCfg = Release|Any CPU
		{A5FD15FE-E8B3-45FF-85FE-599B56E1CAF0}.Release|iPhone.Build.0 = Release|Any CPU
		{A5FD15FE-E8B3-45FF-85FE-599B56E1CAF0}.Release|iPhoneSimulator.ActiveCfg = Release|Any CPU
		{A5FD15FE-E8B3-45FF-85FE-599B56E1CAF0}.Release|iPhoneSimulator.Build.0 = Release|Any CPU
		{A5FD15FE-E8B3-45FF-85FE-599B56E1CAF0}.Release|Mixed Platforms.ActiveCfg = Release|Any CPU
		{A5FD15FE-E8B3-45FF-85FE-599B56E1CAF0}.Release|Mixed Platforms.Build.0 = Release|Any CPU
		{A5FD15FE-E8B3-45FF-85FE-599B56E1CAF0}.Release|x86.ActiveCfg = Release|Any CPU
		{B91E9ABB-AEED-4F38-B13C-EA2CB473C4A0}.Ad-Hoc|Any CPU.ActiveCfg = Ad-Hoc|iPhone
		{B91E9ABB-AEED-4F38-B13C-EA2CB473C4A0}.Ad-Hoc|iPhone.ActiveCfg = Ad-Hoc|iPhone
		{B91E9ABB-AEED-4F38-B13C-EA2CB473C4A0}.Ad-Hoc|iPhone.Build.0 = Ad-Hoc|iPhone
		{B91E9ABB-AEED-4F38-B13C-EA2CB473C4A0}.Ad-Hoc|iPhoneSimulator.ActiveCfg = Ad-Hoc|iPhoneSimulator
		{B91E9ABB-AEED-4F38-B13C-EA2CB473C4A0}.Ad-Hoc|iPhoneSimulator.Build.0 = Ad-Hoc|iPhoneSimulator
		{B91E9ABB-AEED-4F38-B13C-EA2CB473C4A0}.Ad-Hoc|Mixed Platforms.ActiveCfg = Ad-Hoc|iPhone
		{B91E9ABB-AEED-4F38-B13C-EA2CB473C4A0}.Ad-Hoc|Mixed Platforms.Build.0 = Ad-Hoc|iPhone
		{B91E9ABB-AEED-4F38-B13C-EA2CB473C4A0}.Ad-Hoc|x86.ActiveCfg = Ad-Hoc|iPhone
		{B91E9ABB-AEED-4F38-B13C-EA2CB473C4A0}.AppStore|Any CPU.ActiveCfg = AppStore|iPhone
		{B91E9ABB-AEED-4F38-B13C-EA2CB473C4A0}.AppStore|iPhone.ActiveCfg = AppStore|iPhone
		{B91E9ABB-AEED-4F38-B13C-EA2CB473C4A0}.AppStore|iPhone.Build.0 = AppStore|iPhone
		{B91E9ABB-AEED-4F38-B13C-EA2CB473C4A0}.AppStore|iPhoneSimulator.ActiveCfg = AppStore|iPhoneSimulator
		{B91E9ABB-AEED-4F38-B13C-EA2CB473C4A0}.AppStore|iPhoneSimulator.Build.0 = AppStore|iPhoneSimulator
		{B91E9ABB-AEED-4F38-B13C-EA2CB473C4A0}.AppStore|Mixed Platforms.ActiveCfg = AppStore|iPhone
		{B91E9ABB-AEED-4F38-B13C-EA2CB473C4A0}.AppStore|Mixed Platforms.Build.0 = AppStore|iPhone
		{B91E9ABB-AEED-4F38-B13C-EA2CB473C4A0}.AppStore|x86.ActiveCfg = AppStore|iPhone
		{B91E9ABB-AEED-4F38-B13C-EA2CB473C4A0}.Debug|Any CPU.ActiveCfg = Debug|iPhone
		{B91E9ABB-AEED-4F38-B13C-EA2CB473C4A0}.Debug|iPhone.ActiveCfg = Debug|iPhone
		{B91E9ABB-AEED-4F38-B13C-EA2CB473C4A0}.Debug|iPhone.Build.0 = Debug|iPhone
		{B91E9ABB-AEED-4F38-B13C-EA2CB473C4A0}.Debug|iPhoneSimulator.ActiveCfg = Debug|iPhoneSimulator
		{B91E9ABB-AEED-4F38-B13C-EA2CB473C4A0}.Debug|iPhoneSimulator.Build.0 = Debug|iPhoneSimulator
		{B91E9ABB-AEED-4F38-B13C-EA2CB473C4A0}.Debug|Mixed Platforms.ActiveCfg = Debug|iPhone
		{B91E9ABB-AEED-4F38-B13C-EA2CB473C4A0}.Debug|Mixed Platforms.Build.0 = Debug|iPhone
		{B91E9ABB-AEED-4F38-B13C-EA2CB473C4A0}.Debug|x86.ActiveCfg = Debug|iPhone
		{B91E9ABB-AEED-4F38-B13C-EA2CB473C4A0}.Release|Any CPU.ActiveCfg = Release|iPhone
		{B91E9ABB-AEED-4F38-B13C-EA2CB473C4A0}.Release|iPhone.ActiveCfg = Release|iPhone
		{B91E9ABB-AEED-4F38-B13C-EA2CB473C4A0}.Release|iPhone.Build.0 = Release|iPhone
		{B91E9ABB-AEED-4F38-B13C-EA2CB473C4A0}.Release|iPhoneSimulator.ActiveCfg = Release|iPhoneSimulator
		{B91E9ABB-AEED-4F38-B13C-EA2CB473C4A0}.Release|iPhoneSimulator.Build.0 = Release|iPhoneSimulator
		{B91E9ABB-AEED-4F38-B13C-EA2CB473C4A0}.Release|Mixed Platforms.ActiveCfg = Release|iPhone
		{B91E9ABB-AEED-4F38-B13C-EA2CB473C4A0}.Release|Mixed Platforms.Build.0 = Release|iPhone
		{B91E9ABB-AEED-4F38-B13C-EA2CB473C4A0}.Release|x86.ActiveCfg = Release|iPhone
		{D7A8D2A5-7A3E-4CDC-A30E-74CD676ADF07}.Ad-Hoc|Any CPU.ActiveCfg = Release|Any CPU
		{D7A8D2A5-7A3E-4CDC-A30E-74CD676ADF07}.Ad-Hoc|iPhone.ActiveCfg = Release|Any CPU
		{D7A8D2A5-7A3E-4CDC-A30E-74CD676ADF07}.Ad-Hoc|iPhoneSimulator.ActiveCfg = Release|Any CPU
		{D7A8D2A5-7A3E-4CDC-A30E-74CD676ADF07}.Ad-Hoc|Mixed Platforms.ActiveCfg = Release|Any CPU
		{D7A8D2A5-7A3E-4CDC-A30E-74CD676ADF07}.Ad-Hoc|Mixed Platforms.Build.0 = Release|Any CPU
		{D7A8D2A5-7A3E-4CDC-A30E-74CD676ADF07}.Ad-Hoc|x86.ActiveCfg = Release|Any CPU
		{D7A8D2A5-7A3E-4CDC-A30E-74CD676ADF07}.AppStore|Any CPU.ActiveCfg = Release|Any CPU
		{D7A8D2A5-7A3E-4CDC-A30E-74CD676ADF07}.AppStore|iPhone.ActiveCfg = Release|Any CPU
		{D7A8D2A5-7A3E-4CDC-A30E-74CD676ADF07}.AppStore|iPhoneSimulator.ActiveCfg = Release|Any CPU
		{D7A8D2A5-7A3E-4CDC-A30E-74CD676ADF07}.AppStore|Mixed Platforms.ActiveCfg = Release|Any CPU
		{D7A8D2A5-7A3E-4CDC-A30E-74CD676ADF07}.AppStore|Mixed Platforms.Build.0 = Release|Any CPU
		{D7A8D2A5-7A3E-4CDC-A30E-74CD676ADF07}.AppStore|x86.ActiveCfg = Release|Any CPU
		{D7A8D2A5-7A3E-4CDC-A30E-74CD676ADF07}.Debug|Any CPU.ActiveCfg = Debug|Any CPU
		{D7A8D2A5-7A3E-4CDC-A30E-74CD676ADF07}.Debug|Any CPU.Build.0 = Debug|Any CPU
		{D7A8D2A5-7A3E-4CDC-A30E-74CD676ADF07}.Debug|iPhone.ActiveCfg = Debug|Any CPU
		{D7A8D2A5-7A3E-4CDC-A30E-74CD676ADF07}.Debug|iPhoneSimulator.ActiveCfg = Debug|Any CPU
		{D7A8D2A5-7A3E-4CDC-A30E-74CD676ADF07}.Debug|Mixed Platforms.ActiveCfg = Debug|Any CPU
		{D7A8D2A5-7A3E-4CDC-A30E-74CD676ADF07}.Debug|Mixed Platforms.Build.0 = Debug|Any CPU
		{D7A8D2A5-7A3E-4CDC-A30E-74CD676ADF07}.Debug|x86.ActiveCfg = Debug|Any CPU
		{D7A8D2A5-7A3E-4CDC-A30E-74CD676ADF07}.Release|Any CPU.ActiveCfg = Release|Any CPU
		{D7A8D2A5-7A3E-4CDC-A30E-74CD676ADF07}.Release|Any CPU.Build.0 = Release|Any CPU
		{D7A8D2A5-7A3E-4CDC-A30E-74CD676ADF07}.Release|iPhone.ActiveCfg = Release|Any CPU
		{D7A8D2A5-7A3E-4CDC-A30E-74CD676ADF07}.Release|iPhoneSimulator.ActiveCfg = Release|Any CPU
		{D7A8D2A5-7A3E-4CDC-A30E-74CD676ADF07}.Release|Mixed Platforms.ActiveCfg = Release|Any CPU
		{D7A8D2A5-7A3E-4CDC-A30E-74CD676ADF07}.Release|Mixed Platforms.Build.0 = Release|Any CPU
		{D7A8D2A5-7A3E-4CDC-A30E-74CD676ADF07}.Release|x86.ActiveCfg = Release|Any CPU
		{EBDFA7C3-91C0-4580-9AD4-4F509066E038}.Ad-Hoc|Any CPU.ActiveCfg = Release|Any CPU
		{EBDFA7C3-91C0-4580-9AD4-4F509066E038}.Ad-Hoc|iPhone.ActiveCfg = Debug|Any CPU
		{EBDFA7C3-91C0-4580-9AD4-4F509066E038}.Ad-Hoc|iPhone.Build.0 = Debug|Any CPU
		{EBDFA7C3-91C0-4580-9AD4-4F509066E038}.Ad-Hoc|iPhoneSimulator.ActiveCfg = Release|Any CPU
		{EBDFA7C3-91C0-4580-9AD4-4F509066E038}.Ad-Hoc|Mixed Platforms.ActiveCfg = Release|Any CPU
		{EBDFA7C3-91C0-4580-9AD4-4F509066E038}.Ad-Hoc|Mixed Platforms.Build.0 = Release|Any CPU
		{EBDFA7C3-91C0-4580-9AD4-4F509066E038}.Ad-Hoc|x86.ActiveCfg = Release|Any CPU
		{EBDFA7C3-91C0-4580-9AD4-4F509066E038}.AppStore|Any CPU.ActiveCfg = Release|Any CPU
		{EBDFA7C3-91C0-4580-9AD4-4F509066E038}.AppStore|iPhone.ActiveCfg = Debug|Any CPU
		{EBDFA7C3-91C0-4580-9AD4-4F509066E038}.AppStore|iPhone.Build.0 = Debug|Any CPU
		{EBDFA7C3-91C0-4580-9AD4-4F509066E038}.AppStore|iPhoneSimulator.ActiveCfg = Release|Any CPU
		{EBDFA7C3-91C0-4580-9AD4-4F509066E038}.AppStore|Mixed Platforms.ActiveCfg = Release|Any CPU
		{EBDFA7C3-91C0-4580-9AD4-4F509066E038}.AppStore|Mixed Platforms.Build.0 = Release|Any CPU
		{EBDFA7C3-91C0-4580-9AD4-4F509066E038}.AppStore|x86.ActiveCfg = Release|Any CPU
		{EBDFA7C3-91C0-4580-9AD4-4F509066E038}.Debug|Any CPU.ActiveCfg = Debug|Any CPU
		{EBDFA7C3-91C0-4580-9AD4-4F509066E038}.Debug|Any CPU.Build.0 = Debug|Any CPU
		{EBDFA7C3-91C0-4580-9AD4-4F509066E038}.Debug|iPhone.ActiveCfg = Debug|Any CPU
		{EBDFA7C3-91C0-4580-9AD4-4F509066E038}.Debug|iPhone.Build.0 = Debug|Any CPU
		{EBDFA7C3-91C0-4580-9AD4-4F509066E038}.Debug|iPhoneSimulator.ActiveCfg = Debug|Any CPU
		{EBDFA7C3-91C0-4580-9AD4-4F509066E038}.Debug|iPhoneSimulator.Build.0 = Debug|Any CPU
		{EBDFA7C3-91C0-4580-9AD4-4F509066E038}.Debug|Mixed Platforms.ActiveCfg = Debug|Any CPU
		{EBDFA7C3-91C0-4580-9AD4-4F509066E038}.Debug|Mixed Platforms.Build.0 = Debug|Any CPU
		{EBDFA7C3-91C0-4580-9AD4-4F509066E038}.Debug|x86.ActiveCfg = Debug|Any CPU
		{EBDFA7C3-91C0-4580-9AD4-4F509066E038}.Release|Any CPU.ActiveCfg = Release|Any CPU
		{EBDFA7C3-91C0-4580-9AD4-4F509066E038}.Release|Any CPU.Build.0 = Release|Any CPU
		{EBDFA7C3-91C0-4580-9AD4-4F509066E038}.Release|iPhone.ActiveCfg = Release|Any CPU
		{EBDFA7C3-91C0-4580-9AD4-4F509066E038}.Release|iPhone.Build.0 = Release|Any CPU
		{EBDFA7C3-91C0-4580-9AD4-4F509066E038}.Release|iPhoneSimulator.ActiveCfg = Release|Any CPU
		{EBDFA7C3-91C0-4580-9AD4-4F509066E038}.Release|iPhoneSimulator.Build.0 = Release|Any CPU
		{EBDFA7C3-91C0-4580-9AD4-4F509066E038}.Release|Mixed Platforms.ActiveCfg = Release|Any CPU
		{EBDFA7C3-91C0-4580-9AD4-4F509066E038}.Release|Mixed Platforms.Build.0 = Release|Any CPU
		{EBDFA7C3-91C0-4580-9AD4-4F509066E038}.Release|x86.ActiveCfg = Release|Any CPU
		{F4A5CCB4-E83F-438D-94D9-6B04B9D7F803}.Ad-Hoc|Any CPU.ActiveCfg = Release|x86
		{F4A5CCB4-E83F-438D-94D9-6B04B9D7F803}.Ad-Hoc|iPhone.ActiveCfg = Release|x86
		{F4A5CCB4-E83F-438D-94D9-6B04B9D7F803}.Ad-Hoc|iPhoneSimulator.ActiveCfg = Release|x86
		{F4A5CCB4-E83F-438D-94D9-6B04B9D7F803}.Ad-Hoc|Mixed Platforms.ActiveCfg = Release|x86
		{F4A5CCB4-E83F-438D-94D9-6B04B9D7F803}.Ad-Hoc|Mixed Platforms.Build.0 = Release|x86
		{F4A5CCB4-E83F-438D-94D9-6B04B9D7F803}.Ad-Hoc|x86.ActiveCfg = Release|x86
		{F4A5CCB4-E83F-438D-94D9-6B04B9D7F803}.Ad-Hoc|x86.Build.0 = Release|x86
		{F4A5CCB4-E83F-438D-94D9-6B04B9D7F803}.AppStore|Any CPU.ActiveCfg = Release|x86
		{F4A5CCB4-E83F-438D-94D9-6B04B9D7F803}.AppStore|iPhone.ActiveCfg = Release|x86
		{F4A5CCB4-E83F-438D-94D9-6B04B9D7F803}.AppStore|iPhoneSimulator.ActiveCfg = Release|x86
		{F4A5CCB4-E83F-438D-94D9-6B04B9D7F803}.AppStore|Mixed Platforms.ActiveCfg = Release|x86
		{F4A5CCB4-E83F-438D-94D9-6B04B9D7F803}.AppStore|Mixed Platforms.Build.0 = Release|x86
		{F4A5CCB4-E83F-438D-94D9-6B04B9D7F803}.AppStore|x86.ActiveCfg = Release|x86
		{F4A5CCB4-E83F-438D-94D9-6B04B9D7F803}.AppStore|x86.Build.0 = Release|x86
		{F4A5CCB4-E83F-438D-94D9-6B04B9D7F803}.Debug|Any CPU.ActiveCfg = Debug|x86
		{F4A5CCB4-E83F-438D-94D9-6B04B9D7F803}.Debug|iPhone.ActiveCfg = Debug|x86
		{F4A5CCB4-E83F-438D-94D9-6B04B9D7F803}.Debug|iPhoneSimulator.ActiveCfg = Debug|x86
		{F4A5CCB4-E83F-438D-94D9-6B04B9D7F803}.Debug|Mixed Platforms.ActiveCfg = Debug|x86
		{F4A5CCB4-E83F-438D-94D9-6B04B9D7F803}.Debug|Mixed Platforms.Build.0 = Debug|x86
		{F4A5CCB4-E83F-438D-94D9-6B04B9D7F803}.Debug|x86.ActiveCfg = Debug|x86
		{F4A5CCB4-E83F-438D-94D9-6B04B9D7F803}.Debug|x86.Build.0 = Debug|x86
		{F4A5CCB4-E83F-438D-94D9-6B04B9D7F803}.Release|Any CPU.ActiveCfg = Release|x86
		{F4A5CCB4-E83F-438D-94D9-6B04B9D7F803}.Release|iPhone.ActiveCfg = Release|x86
		{F4A5CCB4-E83F-438D-94D9-6B04B9D7F803}.Release|iPhoneSimulator.ActiveCfg = Release|x86
		{F4A5CCB4-E83F-438D-94D9-6B04B9D7F803}.Release|Mixed Platforms.ActiveCfg = Release|x86
		{F4A5CCB4-E83F-438D-94D9-6B04B9D7F803}.Release|Mixed Platforms.Build.0 = Release|x86
		{F4A5CCB4-E83F-438D-94D9-6B04B9D7F803}.Release|x86.ActiveCfg = Release|x86
		{F4A5CCB4-E83F-438D-94D9-6B04B9D7F803}.Release|x86.Build.0 = Release|x86
		{FA198018-E13D-4747-84B7-18C47B726D5F}.Ad-Hoc|Any CPU.ActiveCfg = Release|x86
		{FA198018-E13D-4747-84B7-18C47B726D5F}.Ad-Hoc|iPhone.ActiveCfg = Release|x86
		{FA198018-E13D-4747-84B7-18C47B726D5F}.Ad-Hoc|iPhoneSimulator.ActiveCfg = Release|x86
		{FA198018-E13D-4747-84B7-18C47B726D5F}.Ad-Hoc|Mixed Platforms.ActiveCfg = Release|x86
		{FA198018-E13D-4747-84B7-18C47B726D5F}.Ad-Hoc|Mixed Platforms.Build.0 = Release|x86
		{FA198018-E13D-4747-84B7-18C47B726D5F}.Ad-Hoc|x86.ActiveCfg = Release|x86
		{FA198018-E13D-4747-84B7-18C47B726D5F}.Ad-Hoc|x86.Build.0 = Release|x86
		{FA198018-E13D-4747-84B7-18C47B726D5F}.AppStore|Any CPU.ActiveCfg = Release|x86
		{FA198018-E13D-4747-84B7-18C47B726D5F}.AppStore|iPhone.ActiveCfg = Release|x86
		{FA198018-E13D-4747-84B7-18C47B726D5F}.AppStore|iPhoneSimulator.ActiveCfg = Release|x86
		{FA198018-E13D-4747-84B7-18C47B726D5F}.AppStore|Mixed Platforms.ActiveCfg = Release|x86
		{FA198018-E13D-4747-84B7-18C47B726D5F}.AppStore|Mixed Platforms.Build.0 = Release|x86
		{FA198018-E13D-4747-84B7-18C47B726D5F}.AppStore|x86.ActiveCfg = Release|x86
		{FA198018-E13D-4747-84B7-18C47B726D5F}.AppStore|x86.Build.0 = Release|x86
		{FA198018-E13D-4747-84B7-18C47B726D5F}.Debug|Any CPU.ActiveCfg = Debug|x86
		{FA198018-E13D-4747-84B7-18C47B726D5F}.Debug|iPhone.ActiveCfg = Debug|x86
		{FA198018-E13D-4747-84B7-18C47B726D5F}.Debug|iPhoneSimulator.ActiveCfg = Debug|x86
		{FA198018-E13D-4747-84B7-18C47B726D5F}.Debug|Mixed Platforms.ActiveCfg = Debug|x86
		{FA198018-E13D-4747-84B7-18C47B726D5F}.Debug|Mixed Platforms.Build.0 = Debug|x86
		{FA198018-E13D-4747-84B7-18C47B726D5F}.Debug|x86.ActiveCfg = Debug|x86
		{FA198018-E13D-4747-84B7-18C47B726D5F}.Debug|x86.Build.0 = Debug|x86
		{FA198018-E13D-4747-84B7-18C47B726D5F}.Release|Any CPU.ActiveCfg = Release|x86
		{FA198018-E13D-4747-84B7-18C47B726D5F}.Release|iPhone.ActiveCfg = Release|x86
		{FA198018-E13D-4747-84B7-18C47B726D5F}.Release|iPhoneSimulator.ActiveCfg = Release|x86
		{FA198018-E13D-4747-84B7-18C47B726D5F}.Release|Mixed Platforms.ActiveCfg = Release|x86
		{FA198018-E13D-4747-84B7-18C47B726D5F}.Release|Mixed Platforms.Build.0 = Release|x86
		{FA198018-E13D-4747-84B7-18C47B726D5F}.Release|x86.ActiveCfg = Release|x86
		{FA198018-E13D-4747-84B7-18C47B726D5F}.Release|x86.Build.0 = Release|x86
	EndGlobalSection
	GlobalSection(NestedProjects) = preSolution
		{6D115418-5AF7-4181-B4CB-3841FF0F60B7} = {BBCBEC64-EB8E-403B-845F-74E4FFC25250}
		{9D959723-3619-4EB5-9404-3A10E2957487} = {BBCBEC64-EB8E-403B-845F-74E4FFC25250}
	EndGlobalSection
	GlobalSection(MonoDevelopProperties) = preSolution
		StartupItem = HelloWorldApp.MonoTouch\HelloWorldApp.MonoTouch.csproj
	EndGlobalSection
	GlobalSection(TestCaseManagementSettings) = postSolution
		CategoryFile = SharpSerializer.vsmdi
	EndGlobalSection
	GlobalSection(SolutionProperties) = preSolution
		HideSolutionNode = FALSE
	EndGlobalSection
EndGlobal
