
Microsoft Visual Studio Solution File, Format Version 11.00
# Visual Studio 2010
Project("{FAE04EC0-301F-11D3-BF4B-00C04F79EFBC}") = "HelloWorldApp.MonoForAndroid", "HelloWorldApp.MonoForAndroid\HelloWorldApp.MonoForAndroid.csproj", "{4A5A3F82-7A22-4E07-A718-1A96142CF46D}"
EndProject
Global
	GlobalSection(SolutionConfigurationPlatforms) = preSolution
		Debug|Any CPU = Debug|Any CPU
		Release|Any CPU = Release|Any CPU
	EndGlobalSection
	GlobalSection(ProjectConfigurationPlatforms) = postSolution
		{4A5A3F82-7A22-4E07-A718-1A96142CF46D}.Debug|Any CPU.ActiveCfg = Debug|Any CPU
		{4A5A3F82-7A22-4E07-A718-1A96142CF46D}.Debug|Any CPU.Build.0 = Debug|Any CPU
		{4A5A3F82-7A22-4E07-A718-1A96142CF46D}.Release|Any CPU.ActiveCfg = Release|Any CPU
		{4A5A3F82-7A22-4E07-A718-1A96142CF46D}.Release|Any CPU.Build.0 = Release|Any CPU
	EndGlobalSection
	GlobalSection(MonoDevelopProperties) = preSolution
		StartupItem = HelloWorldApp.MonoForAndroid\HelloWorldApp.MonoForAndroid.csproj
	EndGlobalSection
	GlobalSection(SolutionProperties) = preSolution
		HideSolutionNode = FALSE
	EndGlobalSection
EndGlobal
